// !$*UTF8*$!
{
	archiveVersion = 1;
	classes = {
	};
	objectVersion = 77;
	objects = {

/* Begin PBXContainerItemProxy section */
		782582302CEBDDFB00050299 /* PBXContainerItemProxy */ = {
			isa = PBXContainerItemProxy;
			containerPortal = 782582112CEBDDFA00050299 /* Project object */;
			proxyType = 1;
			remoteGlobalIDString = 782582182CEBDDFA00050299;
			remoteInfo = Beck_MovieApp;
		};
		7825823A2CEBDDFC00050299 /* PBXContainerItemProxy */ = {
			isa = PBXContainerItemProxy;
			containerPortal = 782582112CEBDDFA00050299 /* Project object */;
			proxyType = 1;
			remoteGlobalIDString = 782582182CEBDDFA00050299;
			remoteInfo = Beck_MovieApp;
		};
/* End PBXContainerItemProxy section */

/* Begin PBXFileReference section */
		782582192CEBDDFA00050299 /* Beck_MovieApp.app */ = {isa = PBXFileReference; explicitFileType = wrapper.application; includeInIndex = 0; path = Beck_MovieApp.app; sourceTree = BUILT_PRODUCTS_DIR; };
		7825822F2CEBDDFB00050299 /* Beck_MovieAppTests.xctest */ = {isa = PBXFileReference; explicitFileType = wrapper.cfbundle; includeInIndex = 0; path = Beck_MovieAppTests.xctest; sourceTree = BUILT_PRODUCTS_DIR; };
		782582392CEBDDFC00050299 /* Beck_MovieAppUITests.xctest */ = {isa = PBXFileReference; explicitFileType = wrapper.cfbundle; includeInIndex = 0; path = Beck_MovieAppUITests.xctest; sourceTree = BUILT_PRODUCTS_DIR; };
/* End PBXFileReference section */

/* Begin PBXFileSystemSynchronizedBuildFileExceptionSet section */
		782582412CEBDDFC00050299 /* Exceptions for "Beck_MovieApp" folder in "Beck_MovieApp" target */ = {
			isa = PBXFileSystemSynchronizedBuildFileExceptionSet;
			membershipExceptions = (
				Info.plist,
			);
			target = 782582182CEBDDFA00050299 /* Beck_MovieApp */;
		};
/* End PBXFileSystemSynchronizedBuildFileExceptionSet section */

/* Begin PBXFileSystemSynchronizedRootGroup section */
		7825821B2CEBDDFA00050299 /* Beck_MovieApp */ = {
			isa = PBXFileSystemSynchronizedRootGroup;
			exceptions = (
				782582412CEBDDFC00050299 /* Exceptions for "Beck_MovieApp" folder in "Beck_MovieApp" target */,
			);
			path = Beck_MovieApp;
			sourceTree = "<group>";
		};
		782582322CEBDDFB00050299 /* Beck_MovieAppTests */ = {
			isa = PBXFileSystemSynchronizedRootGroup;
			path = Beck_MovieAppTests;
			sourceTree = "<group>";
		};
		7825823C2CEBDDFC00050299 /* Beck_MovieAppUITests */ = {
			isa = PBXFileSystemSynchronizedRootGroup;
			path = Beck_MovieAppUITests;
			sourceTree = "<group>";
		};
/* End PBXFileSystemSynchronizedRootGroup section */

/* Begin PBXFrameworksBuildPhase section */
		782582162CEBDDFA00050299 /* Frameworks */ = {
			isa = PBXFrameworksBuildPhase;
			buildActionMask = 2147483647;
			files = (
			);
			runOnlyForDeploymentPostprocessing = 0;
		};
		7825822C2CEBDDFB00050299 /* Frameworks */ = {
			isa = PBXFrameworksBuildPhase;
			buildActionMask = 2147483647;
			files = (
			);
			runOnlyForDeploymentPostprocessing = 0;
		};
		782582362CEBDDFC00050299 /* Frameworks */ = {
			isa = PBXFrameworksBuildPhase;
			buildActionMask = 2147483647;
			files = (
			);
			runOnlyForDeploymentPostprocessing = 0;
		};
/* End PBXFrameworksBuildPhase section */

/* Begin PBXGroup section */
		782582102CEBDDFA00050299 = {
			isa = PBXGroup;
			children = (
				7825821B2CEBDDFA00050299 /* Beck_MovieApp */,
				782582322CEBDDFB00050299 /* Beck_MovieAppTests */,
				7825823C2CEBDDFC00050299 /* Beck_MovieAppUITests */,
				7825821A2CEBDDFA00050299 /* Products */,
			);
			sourceTree = "<group>";
		};
		7825821A2CEBDDFA00050299 /* Products */ = {
			isa = PBXGroup;
			children = (
				782582192CEBDDFA00050299 /* Beck_MovieApp.app */,
				7825822F2CEBDDFB00050299 /* Beck_MovieAppTests.xctest */,
				782582392CEBDDFC00050299 /* Beck_MovieAppUITests.xctest */,
			);
			name = Products;
			sourceTree = "<group>";
		};
/* End PBXGroup section */

/* Begin PBXNativeTarget section */
		782582182CEBDDFA00050299 /* Beck_MovieApp */ = {
			isa = PBXNativeTarget;
			buildConfigurationList = 782582422CEBDDFC00050299 /* Build configuration list for PBXNativeTarget "Beck_MovieApp" */;
			buildPhases = (
				782582152CEBDDFA00050299 /* Sources */,
				782582162CEBDDFA00050299 /* Frameworks */,
				782582172CEBDDFA00050299 /* Resources */,
			);
			buildRules = (
			);
			dependencies = (
			);
			fileSystemSynchronizedGroups = (
				7825821B2CEBDDFA00050299 /* Beck_MovieApp */,
			);
			name = Beck_MovieApp;
			packageProductDependencies = (
			);
			productName = Beck_MovieApp;
			productReference = 782582192CEBDDFA00050299 /* Beck_MovieApp.app */;
			productType = "com.apple.product-type.application";
		};
		7825822E2CEBDDFB00050299 /* Beck_MovieAppTests */ = {
			isa = PBXNativeTarget;
			buildConfigurationList = 782582472CEBDDFC00050299 /* Build configuration list for PBXNativeTarget "Beck_MovieAppTests" */;
			buildPhases = (
				7825822B2CEBDDFB00050299 /* Sources */,
				7825822C2CEBDDFB00050299 /* Frameworks */,
				7825822D2CEBDDFB00050299 /* Resources */,
			);
			buildRules = (
			);
			dependencies = (
				782582312CEBDDFB00050299 /* PBXTargetDependency */,
			);
			fileSystemSynchronizedGroups = (
				782582322CEBDDFB00050299 /* Beck_MovieAppTests */,
			);
			name = Beck_MovieAppTests;
			packageProductDependencies = (
			);
			productName = Beck_MovieAppTests;
			productReference = 7825822F2CEBDDFB00050299 /* Beck_MovieAppTests.xctest */;
			productType = "com.apple.product-type.bundle.unit-test";
		};
		782582382CEBDDFC00050299 /* Beck_MovieAppUITests */ = {
			isa = PBXNativeTarget;
			buildConfigurationList = 7825824A2CEBDDFC00050299 /* Build configuration list for PBXNativeTarget "Beck_MovieAppUITests" */;
			buildPhases = (
				782582352CEBDDFC00050299 /* Sources */,
				782582362CEBDDFC00050299 /* Frameworks */,
				782582372CEBDDFC00050299 /* Resources */,
			);
			buildRules = (
			);
			dependencies = (
				7825823B2CEBDDFC00050299 /* PBXTargetDependency */,
			);
			fileSystemSynchronizedGroups = (
				7825823C2CEBDDFC00050299 /* Beck_MovieAppUITests */,
			);
			name = Beck_MovieAppUITests;
			packageProductDependencies = (
			);
			productName = Beck_MovieAppUITests;
			productReference = 782582392CEBDDFC00050299 /* Beck_MovieAppUITests.xctest */;
			productType = "com.apple.product-type.bundle.ui-testing";
		};
/* End PBXNativeTarget section */

/* Begin PBXProject section */
		782582112CEBDDFA00050299 /* Project object */ = {
			isa = PBXProject;
			attributes = {
				BuildIndependentTargetsInParallel = 1;
				LastSwiftUpdateCheck = 1610;
				LastUpgradeCheck = 1610;
				TargetAttributes = {
					782582182CEBDDFA00050299 = {
						CreatedOnToolsVersion = 16.1;
					};
					7825822E2CEBDDFB00050299 = {
						CreatedOnToolsVersion = 16.1;
						TestTargetID = 782582182CEBDDFA00050299;
					};
					782582382CEBDDFC00050299 = {
						CreatedOnToolsVersion = 16.1;
						TestTargetID = 782582182CEBDDFA00050299;
					};
				};
			};
			buildConfigurationList = 782582142CEBDDFA00050299 /* Build configuration list for PBXProject "Beck_MovieApp" */;
			developmentRegion = en;
			hasScannedForEncodings = 0;
			knownRegions = (
				en,
				Base,
			);
			mainGroup = 782582102CEBDDFA00050299;
			minimizedProjectReferenceProxies = 1;
			preferredProjectObjectVersion = 77;
			productRefGroup = 7825821A2CEBDDFA00050299 /* Products */;
			projectDirPath = "";
			projectRoot = "";
			targets = (
				782582182CEBDDFA00050299 /* Beck_MovieApp */,
				7825822E2CEBDDFB00050299 /* Beck_MovieAppTests */,
				782582382CEBDDFC00050299 /* Beck_MovieAppUITests */,
			);
		};
/* End PBXProject section */

/* Begin PBXResourcesBuildPhase section */
		782582172CEBDDFA00050299 /* Resources */ = {
			isa = PBXResourcesBuildPhase;
			buildActionMask = 2147483647;
			files = (
			);
			runOnlyForDeploymentPostprocessing = 0;
		};
		7825822D2CEBDDFB00050299 /* Resources */ = {
			isa = PBXResourcesBuildPhase;
			buildActionMask = 2147483647;
			files = (
			);
			runOnlyForDeploymentPostprocessing = 0;
		};
		782582372CEBDDFC00050299 /* Resources */ = {
			isa = PBXResourcesBuildPhase;
			buildActionMask = 2147483647;
			files = (
			);
			runOnlyForDeploymentPostprocessing = 0;
		};
/* End PBXResourcesBuildPhase section */

/* Begin PBXSourcesBuildPhase section */
		782582152CEBDDFA00050299 /* Sources */ = {
			isa = PBXSourcesBuildPhase;
			buildActionMask = 2147483647;
			files = (
			);
			runOnlyForDeploymentPostprocessing = 0;
		};
		7825822B2CEBDDFB00050299 /* Sources */ = {
			isa = PBXSourcesBuildPhase;
			buildActionMask = 2147483647;
			files = (
			);
			runOnlyForDeploymentPostprocessing = 0;
		};
		782582352CEBDDFC00050299 /* Sources */ = {
			isa = PBXSourcesBuildPhase;
			buildActionMask = 2147483647;
			files = (
			);
			runOnlyForDeploymentPostprocessing = 0;
		};
/* End PBXSourcesBuildPhase section */

/* Begin PBXTargetDependency section */
		782582312CEBDDFB00050299 /* PBXTargetDependency */ = {
			isa = PBXTargetDependency;
			target = 782582182CEBDDFA00050299 /* Beck_MovieApp */;
			targetProxy = 782582302CEBDDFB00050299 /* PBXContainerItemProxy */;
		};
		7825823B2CEBDDFC00050299 /* PBXTargetDependency */ = {
			isa = PBXTargetDependency;
			target = 782582182CEBDDFA00050299 /* Beck_MovieApp */;
			targetProxy = 7825823A2CEBDDFC00050299 /* PBXContainerItemProxy */;
		};
/* End PBXTargetDependency section */

/* Begin XCBuildConfiguration section */
		782582432CEBDDFC00050299 /* Debug */ = {
			isa = XCBuildConfiguration;
			buildSettings = {
				ASSETCATALOG_COMPILER_APPICON_NAME = AppIcon;
				ASSETCATALOG_COMPILER_GLOBAL_ACCENT_COLOR_NAME = AccentColor;
				CODE_SIGN_STYLE = Automatic;
				CURRENT_PROJECT_VERSION = 1;
				GENERATE_INFOPLIST_FILE = YES;
				INFOPLIST_FILE = Beck_MovieApp/Info.plist;
				INFOPLIST_KEY_UIApplicationSupportsIndirectInputEvents = YES;
				INFOPLIST_KEY_UILaunchStoryboardName = LaunchScreen;
				INFOPLIST_KEY_UIMainStoryboardFile = Main;
				INFOPLIST_KEY_UISupportedInterfaceOrientations_iPad = "UIInterfaceOrientationPortrait UIInterfaceOrientationPortraitUpsideDown UIInterfaceOrientationLandscapeLeft UIInterfaceOrientationLandscapeRight";
				INFOPLIST_KEY_UISupportedInterfaceOrientations_iPhone = "UIInterfaceOrientationPortrait UIInterfaceOrientationLandscapeLeft UIInterfaceOrientationLandscapeRight";
				IPHONEOS_DEPLOYMENT_TARGET = 16.0;
				LD_RUNPATH_SEARCH_PATHS = (
					"$(inherited)",
					"@executable_path/Frameworks",
				);
				MARKETING_VERSION = 1.0;
				PRODUCT_BUNDLE_IDENTIFIER = "nwmsu.Beck-MovieApp";
				PRODUCT_NAME = "$(TARGET_NAME)";
				SWIFT_EMIT_LOC_STRINGS = YES;
				SWIFT_VERSION = 5.0;
				TARGETED_DEVICE_FAMILY = "1,2";
			};
			name = Debug;
		};
		782582442CEBDDFC00050299 /* Release */ = {
			isa = XCBuildConfiguration;
			buildSettings = {
				ASSETCATALOG_COMPILER_APPICON_NAME = AppIcon;
				ASSETCATALOG_COMPILER_GLOBAL_ACCENT_COLOR_NAME = AccentColor;
				CODE_SIGN_STYLE = Automatic;
				CURRENT_PROJECT_VERSION = 1;
				GENERATE_INFOPLIST_FILE = YES;
				INFOPLIST_FILE = Beck_MovieApp/Info.plist;
				INFOPLIST_KEY_UIApplicationSupportsIndirectInputEvents = YES;
				INFOPLIST_KEY_UILaunchStoryboardName = LaunchScreen;
				INFOPLIST_KEY_UIMainStoryboardFile = Main;
				INFOPLIST_KEY_UISupportedInterfaceOrientations_iPad = "UIInterfaceOrientationPortrait UIInterfaceOrientationPortraitUpsideDown UIInterfaceOrientationLandscapeLeft UIInterfaceOrientationLandscapeRight";
				INFOPLIST_KEY_UISupportedInterfaceOrientations_iPhone = "UIInterfaceOrientationPortrait UIInterfaceOrientationLandscapeLeft UIInterfaceOrientationLandscapeRight";
				IPHONEOS_DEPLOYMENT_TARGET = 16.0;
				LD_RUNPATH_SEARCH_PATHS = (
					"$(inherited)",
					"@executable_path/Frameworks",
				);
				MARKETING_VERSION = 1.0;
				PRODUCT_BUNDLE_IDENTIFIER = "nwmsu.Beck-MovieApp";
				PRODUCT_NAME = "$(TARGET_NAME)";
				SWIFT_EMIT_LOC_STRINGS = YES;
				SWIFT_VERSION = 5.0;
				TARGETED_DEVICE_FAMILY = "1,2";
			};
			name = Release;
		};
		782582452CEBDDFC00050299 /* Debug */ = {
			isa = XCBuildConfiguration;
			buildSettings = {
				ALWAYS_SEARCH_USER_PATHS = NO;
				ASSETCATALOG_COMPILER_GENERATE_SWIFT_ASSET_SYMBOL_EXTENSIONS = YES;
				CLANG_ANALYZER_NONNULL = YES;
				CLANG_ANALYZER_NUMBER_OBJECT_CONVERSION = YES_AGGRESSIVE;
				CLANG_CXX_LANGUAGE_STANDARD = "gnu++20";
				CLANG_ENABLE_MODULES = YES;
				CLANG_ENABLE_OBJC_ARC = YES;
				CLANG_ENABLE_OBJC_WEAK = YES;
				CLANG_WARN_BLOCK_CAPTURE_AUTORELEASING = YES;
				CLANG_WARN_BOOL_CONVERSION = YES;
				CLANG_WARN_COMMA = YES;
				CLANG_WARN_CONSTANT_CONVERSION = YES;
				CLANG_WARN_DEPRECATED_OBJC_IMPLEMENTATIONS = YES;
				CLANG_WARN_DIRECT_OBJC_ISA_USAGE = YES_ERROR;
				CLANG_WARN_DOCUMENTATION_COMMENTS = YES;
				CLANG_WARN_EMPTY_BODY = YES;
				CLANG_WARN_ENUM_CONVERSION = YES;
				CLANG_WARN_INFINITE_RECURSION = YES;
				CLANG_WARN_INT_CONVERSION = YES;
				CLANG_WARN_NON_LITERAL_NULL_CONVERSION = YES;
				CLANG_WARN_OBJC_IMPLICIT_RETAIN_SELF = YES;
				CLANG_WARN_OBJC_LITERAL_CONVERSION = YES;
				CLANG_WARN_OBJC_ROOT_CLASS = YES_ERROR;
				CLANG_WARN_QUOTED_INCLUDE_IN_FRAMEWORK_HEADER = YES;
				CLANG_WARN_RANGE_LOOP_ANALYSIS = YES;
				CLANG_WARN_STRICT_PROTOTYPES = YES;
				CLANG_WARN_SUSPICIOUS_MOVE = YES;
				CLANG_WARN_UNGUARDED_AVAILABILITY = YES_AGGRESSIVE;
				CLANG_WARN_UNREACHABLE_CODE = YES;
				CLANG_WARN__DUPLICATE_METHOD_MATCH = YES;
				COPY_PHASE_STRIP = NO;
				DEBUG_INFORMATION_FORMAT = dwarf;
				ENABLE_STRICT_OBJC_MSGSEND = YES;
				ENABLE_TESTABILITY = YES;
				ENABLE_USER_SCRIPT_SANDBOXING = YES;
				GCC_C_LANGUAGE_STANDARD = gnu17;
				GCC_DYNAMIC_NO_PIC = NO;
				GCC_NO_COMMON_BLOCKS = YES;
				GCC_OPTIMIZATION_LEVEL = 0;
				GCC_PREPROCESSOR_DEFINITIONS = (
					"DEBUG=1",
					"$(inherited)",
				);
				GCC_WARN_64_TO_32_BIT_CONVERSION = YES;
				GCC_WARN_ABOUT_RETURN_TYPE = YES_ERROR;
				GCC_WARN_UNDECLARED_SELECTOR = YES;
				GCC_WARN_UNINITIALIZED_AUTOS = YES_AGGRESSIVE;
				GCC_WARN_UNUSED_FUNCTION = YES;
				GCC_WARN_UNUSED_VARIABLE = YES;
				IPHONEOS_DEPLOYMENT_TARGET = 18.1;
				LOCALIZATION_PREFERS_STRING_CATALOGS = YES;
				MTL_ENABLE_DEBUG_INFO = INCLUDE_SOURCE;
				MTL_FAST_MATH = YES;
				ONLY_ACTIVE_ARCH = YES;
				SDKROOT = iphoneos;
				SWIFT_ACTIVE_COMPILATION_CONDITIONS = "DEBUG $(inherited)";
				SWIFT_OPTIMIZATION_LEVEL = "-Onone";
			};
			name = Debug;
		};
		782582462CEBDDFC00050299 /* Release */ = {
			isa = XCBuildConfiguration;
			buildSettings = {
				ALWAYS_SEARCH_USER_PATHS = NO;
				ASSETCATALOG_COMPILER_GENERATE_SWIFT_ASSET_SYMBOL_EXTENSIONS = YES;
				CLANG_ANALYZER_NONNULL = YES;
				CLANG_ANALYZER_NUMBER_OBJECT_CONVERSION = YES_AGGRESSIVE;
				CLANG_CXX_LANGUAGE_STANDARD = "gnu++20";
				CLANG_ENABLE_MODULES = YES;
				CLANG_ENABLE_OBJC_ARC = YES;
				CLANG_ENABLE_OBJC_WEAK = YES;
				CLANG_WARN_BLOCK_CAPTURE_AUTORELEASING = YES;
				CLANG_WARN_BOOL_CONVERSION = YES;
				CLANG_WARN_COMMA = YES;
				CLANG_WARN_CONSTANT_CONVERSION = YES;
				CLANG_WARN_DEPRECATED_OBJC_IMPLEMENTATIONS = YES;
				CLANG_WARN_DIRECT_OBJC_ISA_USAGE = YES_ERROR;
				CLANG_WARN_DOCUMENTATION_COMMENTS = YES;
				CLANG_WARN_EMPTY_BODY = YES;
				CLANG_WARN_ENUM_CONVERSION = YES;
				CLANG_WARN_INFINITE_RECURSION = YES;
				CLANG_WARN_INT_CONVERSION = YES;
				CLANG_WARN_NON_LITERAL_NULL_CONVERSION = YES;
				CLANG_WARN_OBJC_IMPLICIT_RETAIN_SELF = YES;
				CLANG_WARN_OBJC_LITERAL_CONVERSION = YES;
				CLANG_WARN_OBJC_ROOT_CLASS = YES_ERROR;
				CLANG_WARN_QUOTED_INCLUDE_IN_FRAMEWORK_HEADER = YES;
				CLANG_WARN_RANGE_LOOP_ANALYSIS = YES;
				CLANG_WARN_STRICT_PROTOTYPES = YES;
				CLANG_WARN_SUSPICIOUS_MOVE = YES;
				CLANG_WARN_UNGUARDED_AVAILABILITY = YES_AGGRESSIVE;
				CLANG_WARN_UNREACHABLE_CODE = YES;
				CLANG_WARN__DUPLICATE_METHOD_MATCH = YES;
				COPY_PHASE_STRIP = NO;
				DEBUG_INFORMATION_FORMAT = "dwarf-with-dsym";
				ENABLE_NS_ASSERTIONS = NO;
				ENABLE_STRICT_OBJC_MSGSEND = YES;
				ENABLE_USER_SCRIPT_SANDBOXING = YES;
				GCC_C_LANGUAGE_STANDARD = gnu17;
				GCC_NO_COMMON_BLOCKS = YES;
				GCC_WARN_64_TO_32_BIT_CONVERSION = YES;
				GCC_WARN_ABOUT_RETURN_TYPE = YES_ERROR;
				GCC_WARN_UNDECLARED_SELECTOR = YES;
				GCC_WARN_UNINITIALIZED_AUTOS = YES_AGGRESSIVE;
				GCC_WARN_UNUSED_FUNCTION = YES;
				GCC_WARN_UNUSED_VARIABLE = YES;
				IPHONEOS_DEPLOYMENT_TARGET = 18.1;
				LOCALIZATION_PREFERS_STRING_CATALOGS = YES;
				MTL_ENABLE_DEBUG_INFO = NO;
				MTL_FAST_MATH = YES;
				SDKROOT = iphoneos;
				SWIFT_COMPILATION_MODE = wholemodule;
				VALIDATE_PRODUCT = YES;
			};
			name = Release;
		};
		782582482CEBDDFC00050299 /* Debug */ = {
			isa = XCBuildConfiguration;
			buildSettings = {
				BUNDLE_LOADER = "$(TEST_HOST)";
				CODE_SIGN_STYLE = Automatic;
				CURRENT_PROJECT_VERSION = 1;
				GENERATE_INFOPLIST_FILE = YES;
				IPHONEOS_DEPLOYMENT_TARGET = 18.1;
				MARKETING_VERSION = 1.0;
				PRODUCT_BUNDLE_IDENTIFIER = "nwmsu.Beck-MovieAppTests";
				PRODUCT_NAME = "$(TARGET_NAME)";
				SWIFT_EMIT_LOC_STRINGS = NO;
				SWIFT_VERSION = 5.0;
				TARGETED_DEVICE_FAMILY = "1,2";
				TEST_HOST = "$(BUILT_PRODUCTS_DIR)/Beck_MovieApp.app/$(BUNDLE_EXECUTABLE_FOLDER_PATH)/Beck_MovieApp";
			};
			name = Debug;
		};
		782582492CEBDDFC00050299 /* Release */ = {
			isa = XCBuildConfiguration;
			buildSettings = {
				BUNDLE_LOADER = "$(TEST_HOST)";
				CODE_SIGN_STYLE = Automatic;
				CURRENT_PROJECT_VERSION = 1;
				GENERATE_INFOPLIST_FILE = YES;
				IPHONEOS_DEPLOYMENT_TARGET = 18.1;
				MARKETING_VERSION = 1.0;
				PRODUCT_BUNDLE_IDENTIFIER = "nwmsu.Beck-MovieAppTests";
				PRODUCT_NAME = "$(TARGET_NAME)";
				SWIFT_EMIT_LOC_STRINGS = NO;
				SWIFT_VERSION = 5.0;
				TARGETED_DEVICE_FAMILY = "1,2";
				TEST_HOST = "$(BUILT_PRODUCTS_DIR)/Beck_MovieApp.app/$(BUNDLE_EXECUTABLE_FOLDER_PATH)/Beck_MovieApp";
			};
			name = Release;
		};
		7825824B2CEBDDFC00050299 /* Debug */ = {
			isa = XCBuildConfiguration;
			buildSettings = {
				CODE_SIGN_STYLE = Automatic;
				CURRENT_PROJECT_VERSION = 1;
				GENERATE_INFOPLIST_FILE = YES;
				MARKETING_VERSION = 1.0;
				PRODUCT_BUNDLE_IDENTIFIER = "nwmsu.Beck-MovieAppUITests";
				PRODUCT_NAME = "$(TARGET_NAME)";
				SWIFT_EMIT_LOC_STRINGS = NO;
				SWIFT_VERSION = 5.0;
				TARGETED_DEVICE_FAMILY = "1,2";
				TEST_TARGET_NAME = Beck_MovieApp;
			};
			name = Debug;
		};
		7825824C2CEBDDFC00050299 /* Release */ = {
			isa = XCBuildConfiguration;
			buildSettings = {
				CODE_SIGN_STYLE = Automatic;
				CURRENT_PROJECT_VERSION = 1;
				GENERATE_INFOPLIST_FILE = YES;
				MARKETING_VERSION = 1.0;
				PRODUCT_BUNDLE_IDENTIFIER = "nwmsu.Beck-MovieAppUITests";
				PRODUCT_NAME = "$(TARGET_NAME)";
				SWIFT_EMIT_LOC_STRINGS = NO;
				SWIFT_VERSION = 5.0;
				TARGETED_DEVICE_FAMILY = "1,2";
				TEST_TARGET_NAME = Beck_MovieApp;
			};
			name = Release;
		};
/* End XCBuildConfiguration section */

/* Begin XCConfigurationList section */
		782582142CEBDDFA00050299 /* Build configuration list for PBXProject "Beck_MovieApp" */ = {
			isa = XCConfigurationList;
			buildConfigurations = (
				782582452CEBDDFC00050299 /* Debug */,
				782582462CEBDDFC00050299 /* Release */,
			);
			defaultConfigurationIsVisible = 0;
			defaultConfigurationName = Release;
		};
		782582422CEBDDFC00050299 /* Build configuration list for PBXNativeTarget "Beck_MovieApp" */ = {
			isa = XCConfigurationList;
			buildConfigurations = (
				782582432CEBDDFC00050299 /* Debug */,
				782582442CEBDDFC00050299 /* Release */,
			);
			defaultConfigurationIsVisible = 0;
			defaultConfigurationName = Release;
		};
		782582472CEBDDFC00050299 /* Build configuration list for PBXNativeTarget "Beck_MovieAppTests" */ = {
			isa = XCConfigurationList;
			buildConfigurations = (
				782582482CEBDDFC00050299 /* Debug */,
				782582492CEBDDFC00050299 /* Release */,
			);
			defaultConfigurationIsVisible = 0;
			defaultConfigurationName = Release;
		};
		7825824A2CEBDDFC00050299 /* Build configuration list for PBXNativeTarget "Beck_MovieAppUITests" */ = {
			isa = XCConfigurationList;
			buildConfigurations = (
				7825824B2CEBDDFC00050299 /* Debug */,
				7825824C2CEBDDFC00050299 /* Release */,
			);
			defaultConfigurationIsVisible = 0;
			defaultConfigurationName = Release;
		};
/* End XCConfigurationList section */
	};
	rootObject = 782582112CEBDDFA00050299 /* Project object */;
}
