// !$*UTF8*$!
{
	archiveVersion = 1;
	classes = {
	};
	objectVersion = 56;
	objects = {

/* Begin PBXBuildFile section */
		F523B1D22C9098D40099962C /* AppDelegate.swift in Sources */ = {isa = PBXBuildFile; fileRef = F523B1D12C9098D40099962C /* AppDelegate.swift */; };
		F523B1D42C9098D40099962C /* SceneDelegate.swift in Sources */ = {isa = PBXBuildFile; fileRef = F523B1D32C9098D40099962C /* SceneDelegate.swift */; };
		F523B1D62C9098D40099962C /* ViewController.swift in Sources */ = {isa = PBXBuildFile; fileRef = F523B1D52C9098D40099962C /* ViewController.swift */; };
		F523B1D92C9098D40099962C /* Base in Resources */ = {isa = PBXBuildFile; fileRef = F523B1D82C9098D40099962C /* Base */; };
		F523B1DB2C9098D50099962C /* Assets.xcassets in Resources */ = {isa = PBXBuildFile; fileRef = F523B1DA2C9098D50099962C /* Assets.xcassets */; };
		F523B1DE2C9098D50099962C /* Base in Resources */ = {isa = PBXBuildFile; fileRef = F523B1DD2C9098D50099962C /* Base */; };
		F523B1E92C9098D50099962C /* DiscountAppTests.swift in Sources */ = {isa = PBXBuildFile; fileRef = F523B1E82C9098D50099962C /* DiscountAppTests.swift */; };
		F523B1F32C9098D50099962C /* DiscountAppUITests.swift in Sources */ = {isa = PBXBuildFile; fileRef = F523B1F22C9098D50099962C /* DiscountAppUITests.swift */; };
		F523B1F52C9098D50099962C /* DiscountAppUITestsLaunchTests.swift in Sources */ = {isa = PBXBuildFile; fileRef = F523B1F42C9098D50099962C /* DiscountAppUITestsLaunchTests.swift */; };
/* End PBXBuildFile section */

/* Begin PBXContainerItemProxy section */
		F523B1E52C9098D50099962C /* PBXContainerItemProxy */ = {
			isa = PBXContainerItemProxy;
			containerPortal = F523B1C62C9098D40099962C /* Project object */;
			proxyType = 1;
			remoteGlobalIDString = F523B1CD2C9098D40099962C;
			remoteInfo = DiscountApp;
		};
		F523B1EF2C9098D50099962C /* PBXContainerItemProxy */ = {
			isa = PBXContainerItemProxy;
			containerPortal = F523B1C62C9098D40099962C /* Project object */;
			proxyType = 1;
			remoteGlobalIDString = F523B1CD2C9098D40099962C;
			remoteInfo = DiscountApp;
		};
/* End PBXContainerItemProxy section */

/* Begin PBXFileReference section */
		F523B1CE2C9098D40099962C /* DiscountApp.app */ = {isa = PBXFileReference; explicitFileType = wrapper.application; includeInIndex = 0; path = DiscountApp.app; sourceTree = BUILT_PRODUCTS_DIR; };
		F523B1D12C9098D40099962C /* AppDelegate.swift */ = {isa = PBXFileReference; lastKnownFileType = sourcecode.swift; path = AppDelegate.swift; sourceTree = "<group>"; };
		F523B1D32C9098D40099962C /* SceneDelegate.swift */ = {isa = PBXFileReference; lastKnownFileType = sourcecode.swift; path = SceneDelegate.swift; sourceTree = "<group>"; };
		F523B1D52C9098D40099962C /* ViewController.swift */ = {isa = PBXFileReference; lastKnownFileType = sourcecode.swift; path = ViewController.swift; sourceTree = "<group>"; };
		F523B1D82C9098D40099962C /* Base */ = {isa = PBXFileReference; lastKnownFileType = file.storyboard; name = Base; path = Base.lproj/Main.storyboard; sourceTree = "<group>"; };
		F523B1DA2C9098D50099962C /* Assets.xcassets */ = {isa = PBXFileReference; lastKnownFileType = folder.assetcatalog; path = Assets.xcassets; sourceTree = "<group>"; };
		F523B1DD2C9098D50099962C /* Base */ = {isa = PBXFileReference; lastKnownFileType = file.storyboard; name = Base; path = Base.lproj/LaunchScreen.storyboard; sourceTree = "<group>"; };
		F523B1DF2C9098D50099962C /* Info.plist */ = {isa = PBXFileReference; lastKnownFileType = text.plist.xml; path = Info.plist; sourceTree = "<group>"; };
		F523B1E42C9098D50099962C /* DiscountAppTests.xctest */ = {isa = PBXFileReference; explicitFileType = wrapper.cfbundle; includeInIndex = 0; path = DiscountAppTests.xctest; sourceTree = BUILT_PRODUCTS_DIR; };
		F523B1E82C9098D50099962C /* DiscountAppTests.swift */ = {isa = PBXFileReference; lastKnownFileType = sourcecode.swift; path = DiscountAppTests.swift; sourceTree = "<group>"; };
		F523B1EE2C9098D50099962C /* DiscountAppUITests.xctest */ = {isa = PBXFileReference; explicitFileType = wrapper.cfbundle; includeInIndex = 0; path = DiscountAppUITests.xctest; sourceTree = BUILT_PRODUCTS_DIR; };
		F523B1F22C9098D50099962C /* DiscountAppUITests.swift */ = {isa = PBXFileReference; lastKnownFileType = sourcecode.swift; path = DiscountAppUITests.swift; sourceTree = "<group>"; };
		F523B1F42C9098D50099962C /* DiscountAppUITestsLaunchTests.swift */ = {isa = PBXFileReference; lastKnownFileType = sourcecode.swift; path = DiscountAppUITestsLaunchTests.swift; sourceTree = "<group>"; };
/* End PBXFileReference section */

/* Begin PBXFrameworksBuildPhase section */
		F523B1CB2C9098D40099962C /* Frameworks */ = {
			isa = PBXFrameworksBuildPhase;
			buildActionMask = 2147483647;
			files = (
			);
			runOnlyForDeploymentPostprocessing = 0;
		};
		F523B1E12C9098D50099962C /* Frameworks */ = {
			isa = PBXFrameworksBuildPhase;
			buildActionMask = 2147483647;
			files = (
			);
			runOnlyForDeploymentPostprocessing = 0;
		};
		F523B1EB2C9098D50099962C /* Frameworks */ = {
			isa = PBXFrameworksBuildPhase;
			buildActionMask = 2147483647;
			files = (
			);
			runOnlyForDeploymentPostprocessing = 0;
		};
/* End PBXFrameworksBuildPhase section */

/* Begin PBXGroup section */
		F523B1C52C9098D40099962C = {
			isa = PBXGroup;
			children = (
				F523B1D02C9098D40099962C /* DiscountApp */,
				F523B1E72C9098D50099962C /* DiscountAppTests */,
				F523B1F12C9098D50099962C /* DiscountAppUITests */,
				F523B1CF2C9098D40099962C /* Products */,
			);
			sourceTree = "<group>";
		};
		F523B1CF2C9098D40099962C /* Products */ = {
			isa = PBXGroup;
			children = (
				F523B1CE2C9098D40099962C /* DiscountApp.app */,
				F523B1E42C9098D50099962C /* DiscountAppTests.xctest */,
				F523B1EE2C9098D50099962C /* DiscountAppUITests.xctest */,
			);
			name = Products;
			sourceTree = "<group>";
		};
		F523B1D02C9098D40099962C /* DiscountApp */ = {
			isa = PBXGroup;
			children = (
				F523B1D12C9098D40099962C /* AppDelegate.swift */,
				F523B1D32C9098D40099962C /* SceneDelegate.swift */,
				F523B1D52C9098D40099962C /* ViewController.swift */,
				F523B1D72C9098D40099962C /* Main.storyboard */,
				F523B1DA2C9098D50099962C /* Assets.xcassets */,
				F523B1DC2C9098D50099962C /* LaunchScreen.storyboard */,
				F523B1DF2C9098D50099962C /* Info.plist */,
			);
			path = DiscountApp;
			sourceTree = "<group>";
		};
		F523B1E72C9098D50099962C /* DiscountAppTests */ = {
			isa = PBXGroup;
			children = (
				F523B1E82C9098D50099962C /* DiscountAppTests.swift */,
			);
			path = DiscountAppTests;
			sourceTree = "<group>";
		};
		F523B1F12C9098D50099962C /* DiscountAppUITests */ = {
			isa = PBXGroup;
			children = (
				F523B1F22C9098D50099962C /* DiscountAppUITests.swift */,
				F523B1F42C9098D50099962C /* DiscountAppUITestsLaunchTests.swift */,
			);
			path = DiscountAppUITests;
			sourceTree = "<group>";
		};
/* End PBXGroup section */

/* Begin PBXNativeTarget section */
		F523B1CD2C9098D40099962C /* DiscountApp */ = {
			isa = PBXNativeTarget;
			buildConfigurationList = F523B1F82C9098D50099962C /* Build configuration list for PBXNativeTarget "DiscountApp" */;
			buildPhases = (
				F523B1CA2C9098D40099962C /* Sources */,
				F523B1CB2C9098D40099962C /* Frameworks */,
				F523B1CC2C9098D40099962C /* Resources */,
			);
			buildRules = (
			);
			dependencies = (
			);
			name = DiscountApp;
			productName = DiscountApp;
			productReference = F523B1CE2C9098D40099962C /* DiscountApp.app */;
			productType = "com.apple.product-type.application";
		};
		F523B1E32C9098D50099962C /* DiscountAppTests */ = {
			isa = PBXNativeTarget;
			buildConfigurationList = F523B1FB2C9098D50099962C /* Build configuration list for PBXNativeTarget "DiscountAppTests" */;
			buildPhases = (
				F523B1E02C9098D50099962C /* Sources */,
				F523B1E12C9098D50099962C /* Frameworks */,
				F523B1E22C9098D50099962C /* Resources */,
			);
			buildRules = (
			);
			dependencies = (
				F523B1E62C9098D50099962C /* PBXTargetDependency */,
			);
			name = DiscountAppTests;
			productName = DiscountAppTests;
			productReference = F523B1E42C9098D50099962C /* DiscountAppTests.xctest */;
			productType = "com.apple.product-type.bundle.unit-test";
		};
		F523B1ED2C9098D50099962C /* DiscountAppUITests */ = {
			isa = PBXNativeTarget;
			buildConfigurationList = F523B1FE2C9098D50099962C /* Build configuration list for PBXNativeTarget "DiscountAppUITests" */;
			buildPhases = (
				F523B1EA2C9098D50099962C /* Sources */,
				F523B1EB2C9098D50099962C /* Frameworks */,
				F523B1EC2C9098D50099962C /* Resources */,
			);
			buildRules = (
			);
			dependencies = (
				F523B1F02C9098D50099962C /* PBXTargetDependency */,
			);
			name = DiscountAppUITests;
			productName = DiscountAppUITests;
			productReference = F523B1EE2C9098D50099962C /* DiscountAppUITests.xctest */;
			productType = "com.apple.product-type.bundle.ui-testing";
		};
/* End PBXNativeTarget section */

/* Begin PBXProject section */
		F523B1C62C9098D40099962C /* Project object */ = {
			isa = PBXProject;
			attributes = {
				BuildIndependentTargetsInParallel = 1;
				LastSwiftUpdateCheck = 1540;
				LastUpgradeCheck = 1540;
				TargetAttributes = {
					F523B1CD2C9098D40099962C = {
						CreatedOnToolsVersion = 15.4;
					};
					F523B1E32C9098D50099962C = {
						CreatedOnToolsVersion = 15.4;
						TestTargetID = F523B1CD2C9098D40099962C;
					};
					F523B1ED2C9098D50099962C = {
						CreatedOnToolsVersion = 15.4;
						TestTargetID = F523B1CD2C9098D40099962C;
					};
				};
			};
			buildConfigurationList = F523B1C92C9098D40099962C /* Build configuration list for PBXProject "DiscountApp" */;
			compatibilityVersion = "Xcode 14.0";
			developmentRegion = en;
			hasScannedForEncodings = 0;
			knownRegions = (
				en,
				Base,
			);
			mainGroup = F523B1C52C9098D40099962C;
			productRefGroup = F523B1CF2C9098D40099962C /* Products */;
			projectDirPath = "";
			projectRoot = "";
			targets = (
				F523B1CD2C9098D40099962C /* DiscountApp */,
				F523B1E32C9098D50099962C /* DiscountAppTests */,
				F523B1ED2C9098D50099962C /* DiscountAppUITests */,
			);
		};
/* End PBXProject section */

/* Begin PBXResourcesBuildPhase section */
		F523B1CC2C9098D40099962C /* Resources */ = {
			isa = PBXResourcesBuildPhase;
			buildActionMask = 2147483647;
			files = (
				F523B1DB2C9098D50099962C /* Assets.xcassets in Resources */,
				F523B1DE2C9098D50099962C /* Base in Resources */,
				F523B1D92C9098D40099962C /* Base in Resources */,
			);
			runOnlyForDeploymentPostprocessing = 0;
		};
		F523B1E22C9098D50099962C /* Resources */ = {
			isa = PBXResourcesBuildPhase;
			buildActionMask = 2147483647;
			files = (
			);
			runOnlyForDeploymentPostprocessing = 0;
		};
		F523B1EC2C9098D50099962C /* Resources */ = {
			isa = PBXResourcesBuildPhase;
			buildActionMask = 2147483647;
			files = (
			);
			runOnlyForDeploymentPostprocessing = 0;
		};
/* End PBXResourcesBuildPhase section */

/* Begin PBXSourcesBuildPhase section */
		F523B1CA2C9098D40099962C /* Sources */ = {
			isa = PBXSourcesBuildPhase;
			buildActionMask = 2147483647;
			files = (
				F523B1D62C9098D40099962C /* ViewController.swift in Sources */,
				F523B1D22C9098D40099962C /* AppDelegate.swift in Sources */,
				F523B1D42C9098D40099962C /* SceneDelegate.swift in Sources */,
			);
			runOnlyForDeploymentPostprocessing = 0;
		};
		F523B1E02C9098D50099962C /* Sources */ = {
			isa = PBXSourcesBuildPhase;
			buildActionMask = 2147483647;
			files = (
				F523B1E92C9098D50099962C /* DiscountAppTests.swift in Sources */,
			);
			runOnlyForDeploymentPostprocessing = 0;
		};
		F523B1EA2C9098D50099962C /* Sources */ = {
			isa = PBXSourcesBuildPhase;
			buildActionMask = 2147483647;
			files = (
				F523B1F32C9098D50099962C /* DiscountAppUITests.swift in Sources */,
				F523B1F52C9098D50099962C /* DiscountAppUITestsLaunchTests.swift in Sources */,
			);
			runOnlyForDeploymentPostprocessing = 0;
		};
/* End PBXSourcesBuildPhase section */

/* Begin PBXTargetDependency section */
		F523B1E62C9098D50099962C /* PBXTargetDependency */ = {
			isa = PBXTargetDependency;
			target = F523B1CD2C9098D40099962C /* DiscountApp */;
			targetProxy = F523B1E52C9098D50099962C /* PBXContainerItemProxy */;
		};
		F523B1F02C9098D50099962C /* PBXTargetDependency */ = {
			isa = PBXTargetDependency;
			target = F523B1CD2C9098D40099962C /* DiscountApp */;
			targetProxy = F523B1EF2C9098D50099962C /* PBXContainerItemProxy */;
		};
/* End PBXTargetDependency section */

/* Begin PBXVariantGroup section */
		F523B1D72C9098D40099962C /* Main.storyboard */ = {
			isa = PBXVariantGroup;
			children = (
				F523B1D82C9098D40099962C /* Base */,
			);
			name = Main.storyboard;
			sourceTree = "<group>";
		};
		F523B1DC2C9098D50099962C /* LaunchScreen.storyboard */ = {
			isa = PBXVariantGroup;
			children = (
				F523B1DD2C9098D50099962C /* Base */,
			);
			name = LaunchScreen.storyboard;
			sourceTree = "<group>";
		};
/* End PBXVariantGroup section */

/* Begin XCBuildConfiguration section */
		F523B1F62C9098D50099962C /* Debug */ = {
			isa = XCBuildConfiguration;
			buildSettings = {
				ALWAYS_SEARCH_USER_PATHS = NO;
				ASSETCATALOG_COMPILER_GENERATE_SWIFT_ASSET_SYMBOL_EXTENSIONS = YES;
				CLANG_ANALYZER_NONNULL = YES;
				CLANG_ANALYZER_NUMBER_OBJECT_CONVERSION = YES_AGGRESSIVE;
				CLANG_CXX_LANGUAGE_STANDARD = "gnu++20";
				CLANG_ENABLE_MODULES = YES;
				CLANG_ENABLE_OBJC_ARC = YES;
				CLANG_ENABLE_OBJC_WEAK = YES;
				CLANG_WARN_BLOCK_CAPTURE_AUTORELEASING = YES;
				CLANG_WARN_BOOL_CONVERSION = YES;
				CLANG_WARN_COMMA = YES;
				CLANG_WARN_CONSTANT_CONVERSION = YES;
				CLANG_WARN_DEPRECATED_OBJC_IMPLEMENTATIONS = YES;
				CLANG_WARN_DIRECT_OBJC_ISA_USAGE = YES_ERROR;
				CLANG_WARN_DOCUMENTATION_COMMENTS = YES;
				CLANG_WARN_EMPTY_BODY = YES;
				CLANG_WARN_ENUM_CONVERSION = YES;
				CLANG_WARN_INFINITE_RECURSION = YES;
				CLANG_WARN_INT_CONVERSION = YES;
				CLANG_WARN_NON_LITERAL_NULL_CONVERSION = YES;
				CLANG_WARN_OBJC_IMPLICIT_RETAIN_SELF = YES;
				CLANG_WARN_OBJC_LITERAL_CONVERSION = YES;
				CLANG_WARN_OBJC_ROOT_CLASS = YES_ERROR;
				CLANG_WARN_QUOTED_INCLUDE_IN_FRAMEWORK_HEADER = YES;
				CLANG_WARN_RANGE_LOOP_ANALYSIS = YES;
				CLANG_WARN_STRICT_PROTOTYPES = YES;
				CLANG_WARN_SUSPICIOUS_MOVE = YES;
				CLANG_WARN_UNGUARDED_AVAILABILITY = YES_AGGRESSIVE;
				CLANG_WARN_UNREACHABLE_CODE = YES;
				CLANG_WARN__DUPLICATE_METHOD_MATCH = YES;
				COPY_PHASE_STRIP = NO;
				DEBUG_INFORMATION_FORMAT = dwarf;
				ENABLE_STRICT_OBJC_MSGSEND = YES;
				ENABLE_TESTABILITY = YES;
				ENABLE_USER_SCRIPT_SANDBOXING = YES;
				GCC_C_LANGUAGE_STANDARD = gnu17;
				GCC_DYNAMIC_NO_PIC = NO;
				GCC_NO_COMMON_BLOCKS = YES;
				GCC_OPTIMIZATION_LEVEL = 0;
				GCC_PREPROCESSOR_DEFINITIONS = (
					"DEBUG=1",
					"$(inherited)",
				);
				GCC_WARN_64_TO_32_BIT_CONVERSION = YES;
				GCC_WARN_ABOUT_RETURN_TYPE = YES_ERROR;
				GCC_WARN_UNDECLARED_SELECTOR = YES;
				GCC_WARN_UNINITIALIZED_AUTOS = YES_AGGRESSIVE;
				GCC_WARN_UNUSED_FUNCTION = YES;
				GCC_WARN_UNUSED_VARIABLE = YES;
				IPHONEOS_DEPLOYMENT_TARGET = 17.5;
				LOCALIZATION_PREFERS_STRING_CATALOGS = YES;
				MTL_ENABLE_DEBUG_INFO = INCLUDE_SOURCE;
				MTL_FAST_MATH = YES;
				ONLY_ACTIVE_ARCH = YES;
				SDKROOT = iphoneos;
				SWIFT_ACTIVE_COMPILATION_CONDITIONS = "DEBUG $(inherited)";
				SWIFT_OPTIMIZATION_LEVEL = "-Onone";
			};
			name = Debug;
		};
		F523B1F72C9098D50099962C /* Release */ = {
			isa = XCBuildConfiguration;
			buildSettings = {
				ALWAYS_SEARCH_USER_PATHS = NO;
				ASSETCATALOG_COMPILER_GENERATE_SWIFT_ASSET_SYMBOL_EXTENSIONS = YES;
				CLANG_ANALYZER_NONNULL = YES;
				CLANG_ANALYZER_NUMBER_OBJECT_CONVERSION = YES_AGGRESSIVE;
				CLANG_CXX_LANGUAGE_STANDARD = "gnu++20";
				CLANG_ENABLE_MODULES = YES;
				CLANG_ENABLE_OBJC_ARC = YES;
				CLANG_ENABLE_OBJC_WEAK = YES;
				CLANG_WARN_BLOCK_CAPTURE_AUTORELEASING = YES;
				CLANG_WARN_BOOL_CONVERSION = YES;
				CLANG_WARN_COMMA = YES;
				CLANG_WARN_CONSTANT_CONVERSION = YES;
				CLANG_WARN_DEPRECATED_OBJC_IMPLEMENTATIONS = YES;
				CLANG_WARN_DIRECT_OBJC_ISA_USAGE = YES_ERROR;
				CLANG_WARN_DOCUMENTATION_COMMENTS = YES;
				CLANG_WARN_EMPTY_BODY = YES;
				CLANG_WARN_ENUM_CONVERSION = YES;
				CLANG_WARN_INFINITE_RECURSION = YES;
				CLANG_WARN_INT_CONVERSION = YES;
				CLANG_WARN_NON_LITERAL_NULL_CONVERSION = YES;
				CLANG_WARN_OBJC_IMPLICIT_RETAIN_SELF = YES;
				CLANG_WARN_OBJC_LITERAL_CONVERSION = YES;
				CLANG_WARN_OBJC_ROOT_CLASS = YES_ERROR;
				CLANG_WARN_QUOTED_INCLUDE_IN_FRAMEWORK_HEADER = YES;
				CLANG_WARN_RANGE_LOOP_ANALYSIS = YES;
				CLANG_WARN_STRICT_PROTOTYPES = YES;
				CLANG_WARN_SUSPICIOUS_MOVE = YES;
				CLANG_WARN_UNGUARDED_AVAILABILITY = YES_AGGRESSIVE;
				CLANG_WARN_UNREACHABLE_CODE = YES;
				CLANG_WARN__DUPLICATE_METHOD_MATCH = YES;
				COPY_PHASE_STRIP = NO;
				DEBUG_INFORMATION_FORMAT = "dwarf-with-dsym";
				ENABLE_NS_ASSERTIONS = NO;
				ENABLE_STRICT_OBJC_MSGSEND = YES;
				ENABLE_USER_SCRIPT_SANDBOXING = YES;
				GCC_C_LANGUAGE_STANDARD = gnu17;
				GCC_NO_COMMON_BLOCKS = YES;
				GCC_WARN_64_TO_32_BIT_CONVERSION = YES;
				GCC_WARN_ABOUT_RETURN_TYPE = YES_ERROR;
				GCC_WARN_UNDECLARED_SELECTOR = YES;
				GCC_WARN_UNINITIALIZED_AUTOS = YES_AGGRESSIVE;
				GCC_WARN_UNUSED_FUNCTION = YES;
				GCC_WARN_UNUSED_VARIABLE = YES;
				IPHONEOS_DEPLOYMENT_TARGET = 17.5;
				LOCALIZATION_PREFERS_STRING_CATALOGS = YES;
				MTL_ENABLE_DEBUG_INFO = NO;
				MTL_FAST_MATH = YES;
				SDKROOT = iphoneos;
				SWIFT_COMPILATION_MODE = wholemodule;
				VALIDATE_PRODUCT = YES;
			};
			name = Release;
		};
		F523B1F92C9098D50099962C /* Debug */ = {
			isa = XCBuildConfiguration;
			buildSettings = {
				ASSETCATALOG_COMPILER_APPICON_NAME = AppIcon;
				ASSETCATALOG_COMPILER_GLOBAL_ACCENT_COLOR_NAME = AccentColor;
				CODE_SIGN_STYLE = Automatic;
				CURRENT_PROJECT_VERSION = 1;
				GENERATE_INFOPLIST_FILE = YES;
				INFOPLIST_FILE = DiscountApp/Info.plist;
				INFOPLIST_KEY_CFBundleDisplayName = DiscountApp;
				INFOPLIST_KEY_UIApplicationSupportsIndirectInputEvents = YES;
				INFOPLIST_KEY_UILaunchStoryboardName = LaunchScreen;
				INFOPLIST_KEY_UIMainStoryboardFile = Main;
				INFOPLIST_KEY_UISupportedInterfaceOrientations_iPad = "UIInterfaceOrientationPortrait UIInterfaceOrientationPortraitUpsideDown UIInterfaceOrientationLandscapeLeft UIInterfaceOrientationLandscapeRight";
				INFOPLIST_KEY_UISupportedInterfaceOrientations_iPhone = "UIInterfaceOrientationPortrait UIInterfaceOrientationLandscapeLeft UIInterfaceOrientationLandscapeRight";
				IPHONEOS_DEPLOYMENT_TARGET = 15.0;
				LD_RUNPATH_SEARCH_PATHS = (
					"$(inherited)",
					"@executable_path/Frameworks",
				);
				MARKETING_VERSION = 1.0;
				PRODUCT_BUNDLE_IDENTIFIER = edu.nwmissouri.24.cs44643.DiscountApp;
				PRODUCT_NAME = "$(TARGET_NAME)";
				SWIFT_EMIT_LOC_STRINGS = YES;
				SWIFT_VERSION = 5.0;
				TARGETED_DEVICE_FAMILY = "1,2";
			};
			name = Debug;
		};
		F523B1FA2C9098D50099962C /* Release */ = {
			isa = XCBuildConfiguration;
			buildSettings = {
				ASSETCATALOG_COMPILER_APPICON_NAME = AppIcon;
				ASSETCATALOG_COMPILER_GLOBAL_ACCENT_COLOR_NAME = AccentColor;
				CODE_SIGN_STYLE = Automatic;
				CURRENT_PROJECT_VERSION = 1;
				GENERATE_INFOPLIST_FILE = YES;
				INFOPLIST_FILE = DiscountApp/Info.plist;
				INFOPLIST_KEY_CFBundleDisplayName = DiscountApp;
				INFOPLIST_KEY_UIApplicationSupportsIndirectInputEvents = YES;
				INFOPLIST_KEY_UILaunchStoryboardName = LaunchScreen;
				INFOPLIST_KEY_UIMainStoryboardFile = Main;
				INFOPLIST_KEY_UISupportedInterfaceOrientations_iPad = "UIInterfaceOrientationPortrait UIInterfaceOrientationPortraitUpsideDown UIInterfaceOrientationLandscapeLeft UIInterfaceOrientationLandscapeRight";
				INFOPLIST_KEY_UISupportedInterfaceOrientations_iPhone = "UIInterfaceOrientationPortrait UIInterfaceOrientationLandscapeLeft UIInterfaceOrientationLandscapeRight";
				IPHONEOS_DEPLOYMENT_TARGET = 15.0;
				LD_RUNPATH_SEARCH_PATHS = (
					"$(inherited)",
					"@executable_path/Frameworks",
				);
				MARKETING_VERSION = 1.0;
				PRODUCT_BUNDLE_IDENTIFIER = edu.nwmissouri.24.cs44643.DiscountApp;
				PRODUCT_NAME = "$(TARGET_NAME)";
				SWIFT_EMIT_LOC_STRINGS = YES;
				SWIFT_VERSION = 5.0;
				TARGETED_DEVICE_FAMILY = "1,2";
			};
			name = Release;
		};
		F523B1FC2C9098D50099962C /* Debug */ = {
			isa = XCBuildConfiguration;
			buildSettings = {
				ALWAYS_EMBED_SWIFT_STANDARD_LIBRARIES = YES;
				BUNDLE_LOADER = "$(TEST_HOST)";
				CODE_SIGN_STYLE = Automatic;
				CURRENT_PROJECT_VERSION = 1;
				GENERATE_INFOPLIST_FILE = YES;
				IPHONEOS_DEPLOYMENT_TARGET = 17.5;
				MARKETING_VERSION = 1.0;
				PRODUCT_BUNDLE_IDENTIFIER = edu.nwmissouri.24.cs44643.DiscountAppTests;
				PRODUCT_NAME = "$(TARGET_NAME)";
				SWIFT_EMIT_LOC_STRINGS = NO;
				SWIFT_VERSION = 5.0;
				TARGETED_DEVICE_FAMILY = "1,2";
				TEST_HOST = "$(BUILT_PRODUCTS_DIR)/DiscountApp.app/$(BUNDLE_EXECUTABLE_FOLDER_PATH)/DiscountApp";
			};
			name = Debug;
		};
		F523B1FD2C9098D50099962C /* Release */ = {
			isa = XCBuildConfiguration;
			buildSettings = {
				ALWAYS_EMBED_SWIFT_STANDARD_LIBRARIES = YES;
				BUNDLE_LOADER = "$(TEST_HOST)";
				CODE_SIGN_STYLE = Automatic;
				CURRENT_PROJECT_VERSION = 1;
				GENERATE_INFOPLIST_FILE = YES;
				IPHONEOS_DEPLOYMENT_TARGET = 17.5;
				MARKETING_VERSION = 1.0;
				PRODUCT_BUNDLE_IDENTIFIER = edu.nwmissouri.24.cs44643.DiscountAppTests;
				PRODUCT_NAME = "$(TARGET_NAME)";
				SWIFT_EMIT_LOC_STRINGS = NO;
				SWIFT_VERSION = 5.0;
				TARGETED_DEVICE_FAMILY = "1,2";
				TEST_HOST = "$(BUILT_PRODUCTS_DIR)/DiscountApp.app/$(BUNDLE_EXECUTABLE_FOLDER_PATH)/DiscountApp";
			};
			name = Release;
		};
		F523B1FF2C9098D50099962C /* Debug */ = {
			isa = XCBuildConfiguration;
			buildSettings = {
				ALWAYS_EMBED_SWIFT_STANDARD_LIBRARIES = YES;
				CODE_SIGN_STYLE = Automatic;
				CURRENT_PROJECT_VERSION = 1;
				GENERATE_INFOPLIST_FILE = YES;
				MARKETING_VERSION = 1.0;
				PRODUCT_BUNDLE_IDENTIFIER = edu.nwmissouri.24.cs44643.DiscountAppUITests;
				PRODUCT_NAME = "$(TARGET_NAME)";
				SWIFT_EMIT_LOC_STRINGS = NO;
				SWIFT_VERSION = 5.0;
				TARGETED_DEVICE_FAMILY = "1,2";
				TEST_TARGET_NAME = DiscountApp;
			};
			name = Debug;
		};
		F523B2002C9098D50099962C /* Release */ = {
			isa = XCBuildConfiguration;
			buildSettings = {
				ALWAYS_EMBED_SWIFT_STANDARD_LIBRARIES = YES;
				CODE_SIGN_STYLE = Automatic;
				CURRENT_PROJECT_VERSION = 1;
				GENERATE_INFOPLIST_FILE = YES;
				MARKETING_VERSION = 1.0;
				PRODUCT_BUNDLE_IDENTIFIER = edu.nwmissouri.24.cs44643.DiscountAppUITests;
				PRODUCT_NAME = "$(TARGET_NAME)";
				SWIFT_EMIT_LOC_STRINGS = NO;
				SWIFT_VERSION = 5.0;
				TARGETED_DEVICE_FAMILY = "1,2";
				TEST_TARGET_NAME = DiscountApp;
			};
			name = Release;
		};
/* End XCBuildConfiguration section */

/* Begin XCConfigurationList section */
		F523B1C92C9098D40099962C /* Build configuration list for PBXProject "DiscountApp" */ = {
			isa = XCConfigurationList;
			buildConfigurations = (
				F523B1F62C9098D50099962C /* Debug */,
				F523B1F72C9098D50099962C /* Release */,
			);
			defaultConfigurationIsVisible = 0;
			defaultConfigurationName = Release;
		};
		F523B1F82C9098D50099962C /* Build configuration list for PBXNativeTarget "DiscountApp" */ = {
			isa = XCConfigurationList;
			buildConfigurations = (
				F523B1F92C9098D50099962C /* Debug */,
				F523B1FA2C9098D50099962C /* Release */,
			);
			defaultConfigurationIsVisible = 0;
			defaultConfigurationName = Release;
		};
		F523B1FB2C9098D50099962C /* Build configuration list for PBXNativeTarget "DiscountAppTests" */ = {
			isa = XCConfigurationList;
			buildConfigurations = (
				F523B1FC2C9098D50099962C /* Debug */,
				F523B1FD2C9098D50099962C /* Release */,
			);
			defaultConfigurationIsVisible = 0;
			defaultConfigurationName = Release;
		};
		F523B1FE2C9098D50099962C /* Build configuration list for PBXNativeTarget "DiscountAppUITests" */ = {
			isa = XCConfigurationList;
			buildConfigurations = (
				F523B1FF2C9098D50099962C /* Debug */,
				F523B2002C9098D50099962C /* Release */,
			);
			defaultConfigurationIsVisible = 0;
			defaultConfigurationName = Release;
		};
/* End XCConfigurationList section */
	};
	rootObject = F523B1C62C9098D40099962C /* Project object */;
}
