// !$*UTF8*$!
{
	archiveVersion = 1;
	classes = {
	};
	objectVersion = 56;
	objects = {

/* Begin PBXBuildFile section */
		F514BECA2C8A030300992955 /* AppDelegate.swift in Sources */ = {isa = PBXBuildFile; fileRef = F514BEC92C8A030300992955 /* AppDelegate.swift */; };
		F514BECC2C8A030300992955 /* SceneDelegate.swift in Sources */ = {isa = PBXBuildFile; fileRef = F514BECB2C8A030300992955 /* SceneDelegate.swift */; };
		F514BECE2C8A030300992955 /* ViewController.swift in Sources */ = {isa = PBXBuildFile; fileRef = F514BECD2C8A030300992955 /* ViewController.swift */; };
		F514BED12C8A030300992955 /* Base in Resources */ = {isa = PBXBuildFile; fileRef = F514BED02C8A030300992955 /* Base */; };
		F514BED32C8A030700992955 /* Assets.xcassets in Resources */ = {isa = PBXBuildFile; fileRef = F514BED22C8A030700992955 /* Assets.xcassets */; };
		F514BED62C8A030700992955 /* Base in Resources */ = {isa = PBXBuildFile; fileRef = F514BED52C8A030700992955 /* Base */; };
		F514BEE12C8A030700992955 /* ProductAppTests.swift in Sources */ = {isa = PBXBuildFile; fileRef = F514BEE02C8A030700992955 /* ProductAppTests.swift */; };
		F514BEEB2C8A030700992955 /* ProductAppUITests.swift in Sources */ = {isa = PBXBuildFile; fileRef = F514BEEA2C8A030700992955 /* ProductAppUITests.swift */; };
		F514BEED2C8A030700992955 /* ProductAppUITestsLaunchTests.swift in Sources */ = {isa = PBXBuildFile; fileRef = F514BEEC2C8A030700992955 /* ProductAppUITestsLaunchTests.swift */; };
/* End PBXBuildFile section */

/* Begin PBXContainerItemProxy section */
		F514BEDD2C8A030700992955 /* PBXContainerItemProxy */ = {
			isa = PBXContainerItemProxy;
			containerPortal = F514BEBE2C8A030300992955 /* Project object */;
			proxyType = 1;
			remoteGlobalIDString = F514BEC52C8A030300992955;
			remoteInfo = ProductApp;
		};
		F514BEE72C8A030700992955 /* PBXContainerItemProxy */ = {
			isa = PBXContainerItemProxy;
			containerPortal = F514BEBE2C8A030300992955 /* Project object */;
			proxyType = 1;
			remoteGlobalIDString = F514BEC52C8A030300992955;
			remoteInfo = ProductApp;
		};
/* End PBXContainerItemProxy section */

/* Begin PBXFileReference section */
		F514BEC62C8A030300992955 /* ProductApp.app */ = {isa = PBXFileReference; explicitFileType = wrapper.application; includeInIndex = 0; path = ProductApp.app; sourceTree = BUILT_PRODUCTS_DIR; };
		F514BEC92C8A030300992955 /* AppDelegate.swift */ = {isa = PBXFileReference; lastKnownFileType = sourcecode.swift; path = AppDelegate.swift; sourceTree = "<group>"; };
		F514BECB2C8A030300992955 /* SceneDelegate.swift */ = {isa = PBXFileReference; lastKnownFileType = sourcecode.swift; path = SceneDelegate.swift; sourceTree = "<group>"; };
		F514BECD2C8A030300992955 /* ViewController.swift */ = {isa = PBXFileReference; lastKnownFileType = sourcecode.swift; path = ViewController.swift; sourceTree = "<group>"; };
		F514BED02C8A030300992955 /* Base */ = {isa = PBXFileReference; lastKnownFileType = file.storyboard; name = Base; path = Base.lproj/Main.storyboard; sourceTree = "<group>"; };
		F514BED22C8A030700992955 /* Assets.xcassets */ = {isa = PBXFileReference; lastKnownFileType = folder.assetcatalog; path = Assets.xcassets; sourceTree = "<group>"; };
		F514BED52C8A030700992955 /* Base */ = {isa = PBXFileReference; lastKnownFileType = file.storyboard; name = Base; path = Base.lproj/LaunchScreen.storyboard; sourceTree = "<group>"; };
		F514BED72C8A030700992955 /* Info.plist */ = {isa = PBXFileReference; lastKnownFileType = text.plist.xml; path = Info.plist; sourceTree = "<group>"; };
		F514BEDC2C8A030700992955 /* ProductAppTests.xctest */ = {isa = PBXFileReference; explicitFileType = wrapper.cfbundle; includeInIndex = 0; path = ProductAppTests.xctest; sourceTree = BUILT_PRODUCTS_DIR; };
		F514BEE02C8A030700992955 /* ProductAppTests.swift */ = {isa = PBXFileReference; lastKnownFileType = sourcecode.swift; path = ProductAppTests.swift; sourceTree = "<group>"; };
		F514BEE62C8A030700992955 /* ProductAppUITests.xctest */ = {isa = PBXFileReference; explicitFileType = wrapper.cfbundle; includeInIndex = 0; path = ProductAppUITests.xctest; sourceTree = BUILT_PRODUCTS_DIR; };
		F514BEEA2C8A030700992955 /* ProductAppUITests.swift */ = {isa = PBXFileReference; lastKnownFileType = sourcecode.swift; path = ProductAppUITests.swift; sourceTree = "<group>"; };
		F514BEEC2C8A030700992955 /* ProductAppUITestsLaunchTests.swift */ = {isa = PBXFileReference; lastKnownFileType = sourcecode.swift; path = ProductAppUITestsLaunchTests.swift; sourceTree = "<group>"; };
/* End PBXFileReference section */

/* Begin PBXFrameworksBuildPhase section */
		F514BEC32C8A030300992955 /* Frameworks */ = {
			isa = PBXFrameworksBuildPhase;
			buildActionMask = 2147483647;
			files = (
			);
			runOnlyForDeploymentPostprocessing = 0;
		};
		F514BED92C8A030700992955 /* Frameworks */ = {
			isa = PBXFrameworksBuildPhase;
			buildActionMask = 2147483647;
			files = (
			);
			runOnlyForDeploymentPostprocessing = 0;
		};
		F514BEE32C8A030700992955 /* Frameworks */ = {
			isa = PBXFrameworksBuildPhase;
			buildActionMask = 2147483647;
			files = (
			);
			runOnlyForDeploymentPostprocessing = 0;
		};
/* End PBXFrameworksBuildPhase section */

/* Begin PBXGroup section */
		F514BEBD2C8A030300992955 = {
			isa = PBXGroup;
			children = (
				F514BEC82C8A030300992955 /* ProductApp */,
				F514BEDF2C8A030700992955 /* ProductAppTests */,
				F514BEE92C8A030700992955 /* ProductAppUITests */,
				F514BEC72C8A030300992955 /* Products */,
			);
			sourceTree = "<group>";
		};
		F514BEC72C8A030300992955 /* Products */ = {
			isa = PBXGroup;
			children = (
				F514BEC62C8A030300992955 /* ProductApp.app */,
				F514BEDC2C8A030700992955 /* ProductAppTests.xctest */,
				F514BEE62C8A030700992955 /* ProductAppUITests.xctest */,
			);
			name = Products;
			sourceTree = "<group>";
		};
		F514BEC82C8A030300992955 /* ProductApp */ = {
			isa = PBXGroup;
			children = (
				F514BEC92C8A030300992955 /* AppDelegate.swift */,
				F514BECB2C8A030300992955 /* SceneDelegate.swift */,
				F514BECD2C8A030300992955 /* ViewController.swift */,
				F514BECF2C8A030300992955 /* Main.storyboard */,
				F514BED22C8A030700992955 /* Assets.xcassets */,
				F514BED42C8A030700992955 /* LaunchScreen.storyboard */,
				F514BED72C8A030700992955 /* Info.plist */,
			);
			path = ProductApp;
			sourceTree = "<group>";
		};
		F514BEDF2C8A030700992955 /* ProductAppTests */ = {
			isa = PBXGroup;
			children = (
				F514BEE02C8A030700992955 /* ProductAppTests.swift */,
			);
			path = ProductAppTests;
			sourceTree = "<group>";
		};
		F514BEE92C8A030700992955 /* ProductAppUITests */ = {
			isa = PBXGroup;
			children = (
				F514BEEA2C8A030700992955 /* ProductAppUITests.swift */,
				F514BEEC2C8A030700992955 /* ProductAppUITestsLaunchTests.swift */,
			);
			path = ProductAppUITests;
			sourceTree = "<group>";
		};
/* End PBXGroup section */

/* Begin PBXNativeTarget section */
		F514BEC52C8A030300992955 /* ProductApp */ = {
			isa = PBXNativeTarget;
			buildConfigurationList = F514BEF02C8A030700992955 /* Build configuration list for PBXNativeTarget "ProductApp" */;
			buildPhases = (
				F514BEC22C8A030300992955 /* Sources */,
				F514BEC32C8A030300992955 /* Frameworks */,
				F514BEC42C8A030300992955 /* Resources */,
			);
			buildRules = (
			);
			dependencies = (
			);
			name = ProductApp;
			productName = ProductApp;
			productReference = F514BEC62C8A030300992955 /* ProductApp.app */;
			productType = "com.apple.product-type.application";
		};
		F514BEDB2C8A030700992955 /* ProductAppTests */ = {
			isa = PBXNativeTarget;
			buildConfigurationList = F514BEF32C8A030700992955 /* Build configuration list for PBXNativeTarget "ProductAppTests" */;
			buildPhases = (
				F514BED82C8A030700992955 /* Sources */,
				F514BED92C8A030700992955 /* Frameworks */,
				F514BEDA2C8A030700992955 /* Resources */,
			);
			buildRules = (
			);
			dependencies = (
				F514BEDE2C8A030700992955 /* PBXTargetDependency */,
			);
			name = ProductAppTests;
			productName = ProductAppTests;
			productReference = F514BEDC2C8A030700992955 /* ProductAppTests.xctest */;
			productType = "com.apple.product-type.bundle.unit-test";
		};
		F514BEE52C8A030700992955 /* ProductAppUITests */ = {
			isa = PBXNativeTarget;
			buildConfigurationList = F514BEF62C8A030700992955 /* Build configuration list for PBXNativeTarget "ProductAppUITests" */;
			buildPhases = (
				F514BEE22C8A030700992955 /* Sources */,
				F514BEE32C8A030700992955 /* Frameworks */,
				F514BEE42C8A030700992955 /* Resources */,
			);
			buildRules = (
			);
			dependencies = (
				F514BEE82C8A030700992955 /* PBXTargetDependency */,
			);
			name = ProductAppUITests;
			productName = ProductAppUITests;
			productReference = F514BEE62C8A030700992955 /* ProductAppUITests.xctest */;
			productType = "com.apple.product-type.bundle.ui-testing";
		};
/* End PBXNativeTarget section */

/* Begin PBXProject section */
		F514BEBE2C8A030300992955 /* Project object */ = {
			isa = PBXProject;
			attributes = {
				BuildIndependentTargetsInParallel = 1;
				LastSwiftUpdateCheck = 1540;
				LastUpgradeCheck = 1540;
				TargetAttributes = {
					F514BEC52C8A030300992955 = {
						CreatedOnToolsVersion = 15.4;
					};
					F514BEDB2C8A030700992955 = {
						CreatedOnToolsVersion = 15.4;
						TestTargetID = F514BEC52C8A030300992955;
					};
					F514BEE52C8A030700992955 = {
						CreatedOnToolsVersion = 15.4;
						TestTargetID = F514BEC52C8A030300992955;
					};
				};
			};
			buildConfigurationList = F514BEC12C8A030300992955 /* Build configuration list for PBXProject "ProductApp" */;
			compatibilityVersion = "Xcode 14.0";
			developmentRegion = en;
			hasScannedForEncodings = 0;
			knownRegions = (
				en,
				Base,
			);
			mainGroup = F514BEBD2C8A030300992955;
			productRefGroup = F514BEC72C8A030300992955 /* Products */;
			projectDirPath = "";
			projectRoot = "";
			targets = (
				F514BEC52C8A030300992955 /* ProductApp */,
				F514BEDB2C8A030700992955 /* ProductAppTests */,
				F514BEE52C8A030700992955 /* ProductAppUITests */,
			);
		};
/* End PBXProject section */

/* Begin PBXResourcesBuildPhase section */
		F514BEC42C8A030300992955 /* Resources */ = {
			isa = PBXResourcesBuildPhase;
			buildActionMask = 2147483647;
			files = (
				F514BED32C8A030700992955 /* Assets.xcassets in Resources */,
				F514BED62C8A030700992955 /* Base in Resources */,
				F514BED12C8A030300992955 /* Base in Resources */,
			);
			runOnlyForDeploymentPostprocessing = 0;
		};
		F514BEDA2C8A030700992955 /* Resources */ = {
			isa = PBXResourcesBuildPhase;
			buildActionMask = 2147483647;
			files = (
			);
			runOnlyForDeploymentPostprocessing = 0;
		};
		F514BEE42C8A030700992955 /* Resources */ = {
			isa = PBXResourcesBuildPhase;
			buildActionMask = 2147483647;
			files = (
			);
			runOnlyForDeploymentPostprocessing = 0;
		};
/* End PBXResourcesBuildPhase section */

/* Begin PBXSourcesBuildPhase section */
		F514BEC22C8A030300992955 /* Sources */ = {
			isa = PBXSourcesBuildPhase;
			buildActionMask = 2147483647;
			files = (
				F514BECE2C8A030300992955 /* ViewController.swift in Sources */,
				F514BECA2C8A030300992955 /* AppDelegate.swift in Sources */,
				F514BECC2C8A030300992955 /* SceneDelegate.swift in Sources */,
			);
			runOnlyForDeploymentPostprocessing = 0;
		};
		F514BED82C8A030700992955 /* Sources */ = {
			isa = PBXSourcesBuildPhase;
			buildActionMask = 2147483647;
			files = (
				F514BEE12C8A030700992955 /* ProductAppTests.swift in Sources */,
			);
			runOnlyForDeploymentPostprocessing = 0;
		};
		F514BEE22C8A030700992955 /* Sources */ = {
			isa = PBXSourcesBuildPhase;
			buildActionMask = 2147483647;
			files = (
				F514BEED2C8A030700992955 /* ProductAppUITestsLaunchTests.swift in Sources */,
				F514BEEB2C8A030700992955 /* ProductAppUITests.swift in Sources */,
			);
			runOnlyForDeploymentPostprocessing = 0;
		};
/* End PBXSourcesBuildPhase section */

/* Begin PBXTargetDependency section */
		F514BEDE2C8A030700992955 /* PBXTargetDependency */ = {
			isa = PBXTargetDependency;
			target = F514BEC52C8A030300992955 /* ProductApp */;
			targetProxy = F514BEDD2C8A030700992955 /* PBXContainerItemProxy */;
		};
		F514BEE82C8A030700992955 /* PBXTargetDependency */ = {
			isa = PBXTargetDependency;
			target = F514BEC52C8A030300992955 /* ProductApp */;
			targetProxy = F514BEE72C8A030700992955 /* PBXContainerItemProxy */;
		};
/* End PBXTargetDependency section */

/* Begin PBXVariantGroup section */
		F514BECF2C8A030300992955 /* Main.storyboard */ = {
			isa = PBXVariantGroup;
			children = (
				F514BED02C8A030300992955 /* Base */,
			);
			name = Main.storyboard;
			sourceTree = "<group>";
		};
		F514BED42C8A030700992955 /* LaunchScreen.storyboard */ = {
			isa = PBXVariantGroup;
			children = (
				F514BED52C8A030700992955 /* Base */,
			);
			name = LaunchScreen.storyboard;
			sourceTree = "<group>";
		};
/* End PBXVariantGroup section */

/* Begin XCBuildConfiguration section */
		F514BEEE2C8A030700992955 /* Debug */ = {
			isa = XCBuildConfiguration;
			buildSettings = {
				ALWAYS_SEARCH_USER_PATHS = NO;
				ASSETCATALOG_COMPILER_GENERATE_SWIFT_ASSET_SYMBOL_EXTENSIONS = YES;
				CLANG_ANALYZER_NONNULL = YES;
				CLANG_ANALYZER_NUMBER_OBJECT_CONVERSION = YES_AGGRESSIVE;
				CLANG_CXX_LANGUAGE_STANDARD = "gnu++20";
				CLANG_ENABLE_MODULES = YES;
				CLANG_ENABLE_OBJC_ARC = YES;
				CLANG_ENABLE_OBJC_WEAK = YES;
				CLANG_WARN_BLOCK_CAPTURE_AUTORELEASING = YES;
				CLANG_WARN_BOOL_CONVERSION = YES;
				CLANG_WARN_COMMA = YES;
				CLANG_WARN_CONSTANT_CONVERSION = YES;
				CLANG_WARN_DEPRECATED_OBJC_IMPLEMENTATIONS = YES;
				CLANG_WARN_DIRECT_OBJC_ISA_USAGE = YES_ERROR;
				CLANG_WARN_DOCUMENTATION_COMMENTS = YES;
				CLANG_WARN_EMPTY_BODY = YES;
				CLANG_WARN_ENUM_CONVERSION = YES;
				CLANG_WARN_INFINITE_RECURSION = YES;
				CLANG_WARN_INT_CONVERSION = YES;
				CLANG_WARN_NON_LITERAL_NULL_CONVERSION = YES;
				CLANG_WARN_OBJC_IMPLICIT_RETAIN_SELF = YES;
				CLANG_WARN_OBJC_LITERAL_CONVERSION = YES;
				CLANG_WARN_OBJC_ROOT_CLASS = YES_ERROR;
				CLANG_WARN_QUOTED_INCLUDE_IN_FRAMEWORK_HEADER = YES;
				CLANG_WARN_RANGE_LOOP_ANALYSIS = YES;
				CLANG_WARN_STRICT_PROTOTYPES = YES;
				CLANG_WARN_SUSPICIOUS_MOVE = YES;
				CLANG_WARN_UNGUARDED_AVAILABILITY = YES_AGGRESSIVE;
				CLANG_WARN_UNREACHABLE_CODE = YES;
				CLANG_WARN__DUPLICATE_METHOD_MATCH = YES;
				COPY_PHASE_STRIP = NO;
				DEBUG_INFORMATION_FORMAT = dwarf;
				ENABLE_STRICT_OBJC_MSGSEND = YES;
				ENABLE_TESTABILITY = YES;
				ENABLE_USER_SCRIPT_SANDBOXING = YES;
				GCC_C_LANGUAGE_STANDARD = gnu17;
				GCC_DYNAMIC_NO_PIC = NO;
				GCC_NO_COMMON_BLOCKS = YES;
				GCC_OPTIMIZATION_LEVEL = 0;
				GCC_PREPROCESSOR_DEFINITIONS = (
					"DEBUG=1",
					"$(inherited)",
				);
				GCC_WARN_64_TO_32_BIT_CONVERSION = YES;
				GCC_WARN_ABOUT_RETURN_TYPE = YES_ERROR;
				GCC_WARN_UNDECLARED_SELECTOR = YES;
				GCC_WARN_UNINITIALIZED_AUTOS = YES_AGGRESSIVE;
				GCC_WARN_UNUSED_FUNCTION = YES;
				GCC_WARN_UNUSED_VARIABLE = YES;
				IPHONEOS_DEPLOYMENT_TARGET = 17.5;
				LOCALIZATION_PREFERS_STRING_CATALOGS = YES;
				MTL_ENABLE_DEBUG_INFO = INCLUDE_SOURCE;
				MTL_FAST_MATH = YES;
				ONLY_ACTIVE_ARCH = YES;
				SDKROOT = iphoneos;
				SWIFT_ACTIVE_COMPILATION_CONDITIONS = "DEBUG $(inherited)";
				SWIFT_OPTIMIZATION_LEVEL = "-Onone";
			};
			name = Debug;
		};
		F514BEEF2C8A030700992955 /* Release */ = {
			isa = XCBuildConfiguration;
			buildSettings = {
				ALWAYS_SEARCH_USER_PATHS = NO;
				ASSETCATALOG_COMPILER_GENERATE_SWIFT_ASSET_SYMBOL_EXTENSIONS = YES;
				CLANG_ANALYZER_NONNULL = YES;
				CLANG_ANALYZER_NUMBER_OBJECT_CONVERSION = YES_AGGRESSIVE;
				CLANG_CXX_LANGUAGE_STANDARD = "gnu++20";
				CLANG_ENABLE_MODULES = YES;
				CLANG_ENABLE_OBJC_ARC = YES;
				CLANG_ENABLE_OBJC_WEAK = YES;
				CLANG_WARN_BLOCK_CAPTURE_AUTORELEASING = YES;
				CLANG_WARN_BOOL_CONVERSION = YES;
				CLANG_WARN_COMMA = YES;
				CLANG_WARN_CONSTANT_CONVERSION = YES;
				CLANG_WARN_DEPRECATED_OBJC_IMPLEMENTATIONS = YES;
				CLANG_WARN_DIRECT_OBJC_ISA_USAGE = YES_ERROR;
				CLANG_WARN_DOCUMENTATION_COMMENTS = YES;
				CLANG_WARN_EMPTY_BODY = YES;
				CLANG_WARN_ENUM_CONVERSION = YES;
				CLANG_WARN_INFINITE_RECURSION = YES;
				CLANG_WARN_INT_CONVERSION = YES;
				CLANG_WARN_NON_LITERAL_NULL_CONVERSION = YES;
				CLANG_WARN_OBJC_IMPLICIT_RETAIN_SELF = YES;
				CLANG_WARN_OBJC_LITERAL_CONVERSION = YES;
				CLANG_WARN_OBJC_ROOT_CLASS = YES_ERROR;
				CLANG_WARN_QUOTED_INCLUDE_IN_FRAMEWORK_HEADER = YES;
				CLANG_WARN_RANGE_LOOP_ANALYSIS = YES;
				CLANG_WARN_STRICT_PROTOTYPES = YES;
				CLANG_WARN_SUSPICIOUS_MOVE = YES;
				CLANG_WARN_UNGUARDED_AVAILABILITY = YES_AGGRESSIVE;
				CLANG_WARN_UNREACHABLE_CODE = YES;
				CLANG_WARN__DUPLICATE_METHOD_MATCH = YES;
				COPY_PHASE_STRIP = NO;
				DEBUG_INFORMATION_FORMAT = "dwarf-with-dsym";
				ENABLE_NS_ASSERTIONS = NO;
				ENABLE_STRICT_OBJC_MSGSEND = YES;
				ENABLE_USER_SCRIPT_SANDBOXING = YES;
				GCC_C_LANGUAGE_STANDARD = gnu17;
				GCC_NO_COMMON_BLOCKS = YES;
				GCC_WARN_64_TO_32_BIT_CONVERSION = YES;
				GCC_WARN_ABOUT_RETURN_TYPE = YES_ERROR;
				GCC_WARN_UNDECLARED_SELECTOR = YES;
				GCC_WARN_UNINITIALIZED_AUTOS = YES_AGGRESSIVE;
				GCC_WARN_UNUSED_FUNCTION = YES;
				GCC_WARN_UNUSED_VARIABLE = YES;
				IPHONEOS_DEPLOYMENT_TARGET = 17.5;
				LOCALIZATION_PREFERS_STRING_CATALOGS = YES;
				MTL_ENABLE_DEBUG_INFO = NO;
				MTL_FAST_MATH = YES;
				SDKROOT = iphoneos;
				SWIFT_COMPILATION_MODE = wholemodule;
				VALIDATE_PRODUCT = YES;
			};
			name = Release;
		};
		F514BEF12C8A030700992955 /* Debug */ = {
			isa = XCBuildConfiguration;
			buildSettings = {
				ASSETCATALOG_COMPILER_APPICON_NAME = AppIcon;
				ASSETCATALOG_COMPILER_GLOBAL_ACCENT_COLOR_NAME = AccentColor;
				CODE_SIGN_STYLE = Automatic;
				CURRENT_PROJECT_VERSION = 1;
				GENERATE_INFOPLIST_FILE = YES;
				INFOPLIST_FILE = ProductApp/Info.plist;
				INFOPLIST_KEY_CFBundleDisplayName = ProjectApp;
				INFOPLIST_KEY_UIApplicationSupportsIndirectInputEvents = YES;
				INFOPLIST_KEY_UILaunchStoryboardName = LaunchScreen;
				INFOPLIST_KEY_UIMainStoryboardFile = Main;
				INFOPLIST_KEY_UISupportedInterfaceOrientations_iPad = "UIInterfaceOrientationPortrait UIInterfaceOrientationPortraitUpsideDown UIInterfaceOrientationLandscapeLeft UIInterfaceOrientationLandscapeRight";
				INFOPLIST_KEY_UISupportedInterfaceOrientations_iPhone = "UIInterfaceOrientationPortrait UIInterfaceOrientationLandscapeLeft UIInterfaceOrientationLandscapeRight";
				IPHONEOS_DEPLOYMENT_TARGET = 15.0;
				LD_RUNPATH_SEARCH_PATHS = (
					"$(inherited)",
					"@executable_path/Frameworks",
				);
				MARKETING_VERSION = 1.0;
				PRODUCT_BUNDLE_IDENTIFIER = edu.nwmissouri.24.cs44643.ProductApp;
				PRODUCT_NAME = "$(TARGET_NAME)";
				SWIFT_EMIT_LOC_STRINGS = YES;
				SWIFT_VERSION = 5.0;
				TARGETED_DEVICE_FAMILY = "1,2";
			};
			name = Debug;
		};
		F514BEF22C8A030700992955 /* Release */ = {
			isa = XCBuildConfiguration;
			buildSettings = {
				ASSETCATALOG_COMPILER_APPICON_NAME = AppIcon;
				ASSETCATALOG_COMPILER_GLOBAL_ACCENT_COLOR_NAME = AccentColor;
				CODE_SIGN_STYLE = Automatic;
				CURRENT_PROJECT_VERSION = 1;
				GENERATE_INFOPLIST_FILE = YES;
				INFOPLIST_FILE = ProductApp/Info.plist;
				INFOPLIST_KEY_CFBundleDisplayName = ProjectApp;
				INFOPLIST_KEY_UIApplicationSupportsIndirectInputEvents = YES;
				INFOPLIST_KEY_UILaunchStoryboardName = LaunchScreen;
				INFOPLIST_KEY_UIMainStoryboardFile = Main;
				INFOPLIST_KEY_UISupportedInterfaceOrientations_iPad = "UIInterfaceOrientationPortrait UIInterfaceOrientationPortraitUpsideDown UIInterfaceOrientationLandscapeLeft UIInterfaceOrientationLandscapeRight";
				INFOPLIST_KEY_UISupportedInterfaceOrientations_iPhone = "UIInterfaceOrientationPortrait UIInterfaceOrientationLandscapeLeft UIInterfaceOrientationLandscapeRight";
				IPHONEOS_DEPLOYMENT_TARGET = 15.0;
				LD_RUNPATH_SEARCH_PATHS = (
					"$(inherited)",
					"@executable_path/Frameworks",
				);
				MARKETING_VERSION = 1.0;
				PRODUCT_BUNDLE_IDENTIFIER = edu.nwmissouri.24.cs44643.ProductApp;
				PRODUCT_NAME = "$(TARGET_NAME)";
				SWIFT_EMIT_LOC_STRINGS = YES;
				SWIFT_VERSION = 5.0;
				TARGETED_DEVICE_FAMILY = "1,2";
			};
			name = Release;
		};
		F514BEF42C8A030700992955 /* Debug */ = {
			isa = XCBuildConfiguration;
			buildSettings = {
				ALWAYS_EMBED_SWIFT_STANDARD_LIBRARIES = YES;
				BUNDLE_LOADER = "$(TEST_HOST)";
				CODE_SIGN_STYLE = Automatic;
				CURRENT_PROJECT_VERSION = 1;
				GENERATE_INFOPLIST_FILE = YES;
				IPHONEOS_DEPLOYMENT_TARGET = 17.5;
				MARKETING_VERSION = 1.0;
				PRODUCT_BUNDLE_IDENTIFIER = edu.nwmissouri.24.cs44643.ProductAppTests;
				PRODUCT_NAME = "$(TARGET_NAME)";
				SWIFT_EMIT_LOC_STRINGS = NO;
				SWIFT_VERSION = 5.0;
				TARGETED_DEVICE_FAMILY = "1,2";
				TEST_HOST = "$(BUILT_PRODUCTS_DIR)/ProductApp.app/$(BUNDLE_EXECUTABLE_FOLDER_PATH)/ProductApp";
			};
			name = Debug;
		};
		F514BEF52C8A030700992955 /* Release */ = {
			isa = XCBuildConfiguration;
			buildSettings = {
				ALWAYS_EMBED_SWIFT_STANDARD_LIBRARIES = YES;
				BUNDLE_LOADER = "$(TEST_HOST)";
				CODE_SIGN_STYLE = Automatic;
				CURRENT_PROJECT_VERSION = 1;
				GENERATE_INFOPLIST_FILE = YES;
				IPHONEOS_DEPLOYMENT_TARGET = 17.5;
				MARKETING_VERSION = 1.0;
				PRODUCT_BUNDLE_IDENTIFIER = edu.nwmissouri.24.cs44643.ProductAppTests;
				PRODUCT_NAME = "$(TARGET_NAME)";
				SWIFT_EMIT_LOC_STRINGS = NO;
				SWIFT_VERSION = 5.0;
				TARGETED_DEVICE_FAMILY = "1,2";
				TEST_HOST = "$(BUILT_PRODUCTS_DIR)/ProductApp.app/$(BUNDLE_EXECUTABLE_FOLDER_PATH)/ProductApp";
			};
			name = Release;
		};
		F514BEF72C8A030700992955 /* Debug */ = {
			isa = XCBuildConfiguration;
			buildSettings = {
				ALWAYS_EMBED_SWIFT_STANDARD_LIBRARIES = YES;
				CODE_SIGN_STYLE = Automatic;
				CURRENT_PROJECT_VERSION = 1;
				GENERATE_INFOPLIST_FILE = YES;
				MARKETING_VERSION = 1.0;
				PRODUCT_BUNDLE_IDENTIFIER = edu.nwmissouri.24.cs44643.ProductAppUITests;
				PRODUCT_NAME = "$(TARGET_NAME)";
				SWIFT_EMIT_LOC_STRINGS = NO;
				SWIFT_VERSION = 5.0;
				TARGETED_DEVICE_FAMILY = "1,2";
				TEST_TARGET_NAME = ProductApp;
			};
			name = Debug;
		};
		F514BEF82C8A030700992955 /* Release */ = {
			isa = XCBuildConfiguration;
			buildSettings = {
				ALWAYS_EMBED_SWIFT_STANDARD_LIBRARIES = YES;
				CODE_SIGN_STYLE = Automatic;
				CURRENT_PROJECT_VERSION = 1;
				GENERATE_INFOPLIST_FILE = YES;
				MARKETING_VERSION = 1.0;
				PRODUCT_BUNDLE_IDENTIFIER = edu.nwmissouri.24.cs44643.ProductAppUITests;
				PRODUCT_NAME = "$(TARGET_NAME)";
				SWIFT_EMIT_LOC_STRINGS = NO;
				SWIFT_VERSION = 5.0;
				TARGETED_DEVICE_FAMILY = "1,2";
				TEST_TARGET_NAME = ProductApp;
			};
			name = Release;
		};
/* End XCBuildConfiguration section */

/* Begin XCConfigurationList section */
		F514BEC12C8A030300992955 /* Build configuration list for PBXProject "ProductApp" */ = {
			isa = XCConfigurationList;
			buildConfigurations = (
				F514BEEE2C8A030700992955 /* Debug */,
				F514BEEF2C8A030700992955 /* Release */,
			);
			defaultConfigurationIsVisible = 0;
			defaultConfigurationName = Release;
		};
		F514BEF02C8A030700992955 /* Build configuration list for PBXNativeTarget "ProductApp" */ = {
			isa = XCConfigurationList;
			buildConfigurations = (
				F514BEF12C8A030700992955 /* Debug */,
				F514BEF22C8A030700992955 /* Release */,
			);
			defaultConfigurationIsVisible = 0;
			defaultConfigurationName = Release;
		};
		F514BEF32C8A030700992955 /* Build configuration list for PBXNativeTarget "ProductAppTests" */ = {
			isa = XCConfigurationList;
			buildConfigurations = (
				F514BEF42C8A030700992955 /* Debug */,
				F514BEF52C8A030700992955 /* Release */,
			);
			defaultConfigurationIsVisible = 0;
			defaultConfigurationName = Release;
		};
		F514BEF62C8A030700992955 /* Build configuration list for PBXNativeTarget "ProductAppUITests" */ = {
			isa = XCConfigurationList;
			buildConfigurations = (
				F514BEF72C8A030700992955 /* Debug */,
				F514BEF82C8A030700992955 /* Release */,
			);
			defaultConfigurationIsVisible = 0;
			defaultConfigurationName = Release;
		};
/* End XCConfigurationList section */
	};
	rootObject = F514BEBE2C8A030300992955 /* Project object */;
}
