// !$*UTF8*$!
{
	archiveVersion = 1;
	classes = {
	};
	objectVersion = 56;
	objects = {

/* Begin PBXBuildFile section */
		78C47DD02CA8B741005B6A48 /* AppDelegate.swift in Sources */ = {isa = PBXBuildFile; fileRef = 78C47DCF2CA8B741005B6A48 /* AppDelegate.swift */; };
		78C47DD22CA8B741005B6A48 /* SceneDelegate.swift in Sources */ = {isa = PBXBuildFile; fileRef = 78C47DD12CA8B741005B6A48 /* SceneDelegate.swift */; };
		78C47DD42CA8B741005B6A48 /* ViewController.swift in Sources */ = {isa = PBXBuildFile; fileRef = 78C47DD32CA8B741005B6A48 /* ViewController.swift */; };
		78C47DD72CA8B741005B6A48 /* Base in Resources */ = {isa = PBXBuildFile; fileRef = 78C47DD62CA8B741005B6A48 /* Base */; };
		78C47DD92CA8B742005B6A48 /* Assets.xcassets in Resources */ = {isa = PBXBuildFile; fileRef = 78C47DD82CA8B742005B6A48 /* Assets.xcassets */; };
		78C47DDC2CA8B742005B6A48 /* Base in Resources */ = {isa = PBXBuildFile; fileRef = 78C47DDB2CA8B742005B6A48 /* Base */; };
		78C47DE72CA8B742005B6A48 /* Beck_Assignment03Tests.swift in Sources */ = {isa = PBXBuildFile; fileRef = 78C47DE62CA8B742005B6A48 /* Beck_Assignment03Tests.swift */; };
		78C47DF12CA8B742005B6A48 /* Beck_Assignment03UITests.swift in Sources */ = {isa = PBXBuildFile; fileRef = 78C47DF02CA8B742005B6A48 /* Beck_Assignment03UITests.swift */; };
		78C47DF32CA8B742005B6A48 /* Beck_Assignment03UITestsLaunchTests.swift in Sources */ = {isa = PBXBuildFile; fileRef = 78C47DF22CA8B742005B6A48 /* Beck_Assignment03UITestsLaunchTests.swift */; };
/* End PBXBuildFile section */

/* Begin PBXContainerItemProxy section */
		78C47DE32CA8B742005B6A48 /* PBXContainerItemProxy */ = {
			isa = PBXContainerItemProxy;
			containerPortal = 78C47DC42CA8B741005B6A48 /* Project object */;
			proxyType = 1;
			remoteGlobalIDString = 78C47DCB2CA8B741005B6A48;
			remoteInfo = Beck_Assignment03;
		};
		78C47DED2CA8B742005B6A48 /* PBXContainerItemProxy */ = {
			isa = PBXContainerItemProxy;
			containerPortal = 78C47DC42CA8B741005B6A48 /* Project object */;
			proxyType = 1;
			remoteGlobalIDString = 78C47DCB2CA8B741005B6A48;
			remoteInfo = Beck_Assignment03;
		};
/* End PBXContainerItemProxy section */

/* Begin PBXFileReference section */
		78C47DCC2CA8B741005B6A48 /* Beck_Assignment03.app */ = {isa = PBXFileReference; explicitFileType = wrapper.application; includeInIndex = 0; path = Beck_Assignment03.app; sourceTree = BUILT_PRODUCTS_DIR; };
		78C47DCF2CA8B741005B6A48 /* AppDelegate.swift */ = {isa = PBXFileReference; lastKnownFileType = sourcecode.swift; path = AppDelegate.swift; sourceTree = "<group>"; };
		78C47DD12CA8B741005B6A48 /* SceneDelegate.swift */ = {isa = PBXFileReference; lastKnownFileType = sourcecode.swift; path = SceneDelegate.swift; sourceTree = "<group>"; };
		78C47DD32CA8B741005B6A48 /* ViewController.swift */ = {isa = PBXFileReference; lastKnownFileType = sourcecode.swift; path = ViewController.swift; sourceTree = "<group>"; };
		78C47DD62CA8B741005B6A48 /* Base */ = {isa = PBXFileReference; lastKnownFileType = file.storyboard; name = Base; path = Base.lproj/Main.storyboard; sourceTree = "<group>"; };
		78C47DD82CA8B742005B6A48 /* Assets.xcassets */ = {isa = PBXFileReference; lastKnownFileType = folder.assetcatalog; path = Assets.xcassets; sourceTree = "<group>"; };
		78C47DDB2CA8B742005B6A48 /* Base */ = {isa = PBXFileReference; lastKnownFileType = file.storyboard; name = Base; path = Base.lproj/LaunchScreen.storyboard; sourceTree = "<group>"; };
		78C47DDD2CA8B742005B6A48 /* Info.plist */ = {isa = PBXFileReference; lastKnownFileType = text.plist.xml; path = Info.plist; sourceTree = "<group>"; };
		78C47DE22CA8B742005B6A48 /* Beck_Assignment03Tests.xctest */ = {isa = PBXFileReference; explicitFileType = wrapper.cfbundle; includeInIndex = 0; path = Beck_Assignment03Tests.xctest; sourceTree = BUILT_PRODUCTS_DIR; };
		78C47DE62CA8B742005B6A48 /* Beck_Assignment03Tests.swift */ = {isa = PBXFileReference; lastKnownFileType = sourcecode.swift; path = Beck_Assignment03Tests.swift; sourceTree = "<group>"; };
		78C47DEC2CA8B742005B6A48 /* Beck_Assignment03UITests.xctest */ = {isa = PBXFileReference; explicitFileType = wrapper.cfbundle; includeInIndex = 0; path = Beck_Assignment03UITests.xctest; sourceTree = BUILT_PRODUCTS_DIR; };
		78C47DF02CA8B742005B6A48 /* Beck_Assignment03UITests.swift */ = {isa = PBXFileReference; lastKnownFileType = sourcecode.swift; path = Beck_Assignment03UITests.swift; sourceTree = "<group>"; };
		78C47DF22CA8B742005B6A48 /* Beck_Assignment03UITestsLaunchTests.swift */ = {isa = PBXFileReference; lastKnownFileType = sourcecode.swift; path = Beck_Assignment03UITestsLaunchTests.swift; sourceTree = "<group>"; };
/* End PBXFileReference section */

/* Begin PBXFrameworksBuildPhase section */
		78C47DC92CA8B741005B6A48 /* Frameworks */ = {
			isa = PBXFrameworksBuildPhase;
			buildActionMask = 2147483647;
			files = (
			);
			runOnlyForDeploymentPostprocessing = 0;
		};
		78C47DDF2CA8B742005B6A48 /* Frameworks */ = {
			isa = PBXFrameworksBuildPhase;
			buildActionMask = 2147483647;
			files = (
			);
			runOnlyForDeploymentPostprocessing = 0;
		};
		78C47DE92CA8B742005B6A48 /* Frameworks */ = {
			isa = PBXFrameworksBuildPhase;
			buildActionMask = 2147483647;
			files = (
			);
			runOnlyForDeploymentPostprocessing = 0;
		};
/* End PBXFrameworksBuildPhase section */

/* Begin PBXGroup section */
		78C47DC32CA8B741005B6A48 = {
			isa = PBXGroup;
			children = (
				78C47DCE2CA8B741005B6A48 /* Beck_Assignment03 */,
				78C47DE52CA8B742005B6A48 /* Beck_Assignment03Tests */,
				78C47DEF2CA8B742005B6A48 /* Beck_Assignment03UITests */,
				78C47DCD2CA8B741005B6A48 /* Products */,
			);
			sourceTree = "<group>";
		};
		78C47DCD2CA8B741005B6A48 /* Products */ = {
			isa = PBXGroup;
			children = (
				78C47DCC2CA8B741005B6A48 /* Beck_Assignment03.app */,
				78C47DE22CA8B742005B6A48 /* Beck_Assignment03Tests.xctest */,
				78C47DEC2CA8B742005B6A48 /* Beck_Assignment03UITests.xctest */,
			);
			name = Products;
			sourceTree = "<group>";
		};
		78C47DCE2CA8B741005B6A48 /* Beck_Assignment03 */ = {
			isa = PBXGroup;
			children = (
				78C47DCF2CA8B741005B6A48 /* AppDelegate.swift */,
				78C47DD12CA8B741005B6A48 /* SceneDelegate.swift */,
				78C47DD32CA8B741005B6A48 /* ViewController.swift */,
				78C47DD52CA8B741005B6A48 /* Main.storyboard */,
				78C47DD82CA8B742005B6A48 /* Assets.xcassets */,
				78C47DDA2CA8B742005B6A48 /* LaunchScreen.storyboard */,
				78C47DDD2CA8B742005B6A48 /* Info.plist */,
			);
			path = Beck_Assignment03;
			sourceTree = "<group>";
		};
		78C47DE52CA8B742005B6A48 /* Beck_Assignment03Tests */ = {
			isa = PBXGroup;
			children = (
				78C47DE62CA8B742005B6A48 /* Beck_Assignment03Tests.swift */,
			);
			path = Beck_Assignment03Tests;
			sourceTree = "<group>";
		};
		78C47DEF2CA8B742005B6A48 /* Beck_Assignment03UITests */ = {
			isa = PBXGroup;
			children = (
				78C47DF02CA8B742005B6A48 /* Beck_Assignment03UITests.swift */,
				78C47DF22CA8B742005B6A48 /* Beck_Assignment03UITestsLaunchTests.swift */,
			);
			path = Beck_Assignment03UITests;
			sourceTree = "<group>";
		};
/* End PBXGroup section */

/* Begin PBXNativeTarget section */
		78C47DCB2CA8B741005B6A48 /* Beck_Assignment03 */ = {
			isa = PBXNativeTarget;
			buildConfigurationList = 78C47DF62CA8B742005B6A48 /* Build configuration list for PBXNativeTarget "Beck_Assignment03" */;
			buildPhases = (
				78C47DC82CA8B741005B6A48 /* Sources */,
				78C47DC92CA8B741005B6A48 /* Frameworks */,
				78C47DCA2CA8B741005B6A48 /* Resources */,
			);
			buildRules = (
			);
			dependencies = (
			);
			name = Beck_Assignment03;
			productName = Beck_Assignment03;
			productReference = 78C47DCC2CA8B741005B6A48 /* Beck_Assignment03.app */;
			productType = "com.apple.product-type.application";
		};
		78C47DE12CA8B742005B6A48 /* Beck_Assignment03Tests */ = {
			isa = PBXNativeTarget;
			buildConfigurationList = 78C47DF92CA8B742005B6A48 /* Build configuration list for PBXNativeTarget "Beck_Assignment03Tests" */;
			buildPhases = (
				78C47DDE2CA8B742005B6A48 /* Sources */,
				78C47DDF2CA8B742005B6A48 /* Frameworks */,
				78C47DE02CA8B742005B6A48 /* Resources */,
			);
			buildRules = (
			);
			dependencies = (
				78C47DE42CA8B742005B6A48 /* PBXTargetDependency */,
			);
			name = Beck_Assignment03Tests;
			productName = Beck_Assignment03Tests;
			productReference = 78C47DE22CA8B742005B6A48 /* Beck_Assignment03Tests.xctest */;
			productType = "com.apple.product-type.bundle.unit-test";
		};
		78C47DEB2CA8B742005B6A48 /* Beck_Assignment03UITests */ = {
			isa = PBXNativeTarget;
			buildConfigurationList = 78C47DFC2CA8B742005B6A48 /* Build configuration list for PBXNativeTarget "Beck_Assignment03UITests" */;
			buildPhases = (
				78C47DE82CA8B742005B6A48 /* Sources */,
				78C47DE92CA8B742005B6A48 /* Frameworks */,
				78C47DEA2CA8B742005B6A48 /* Resources */,
			);
			buildRules = (
			);
			dependencies = (
				78C47DEE2CA8B742005B6A48 /* PBXTargetDependency */,
			);
			name = Beck_Assignment03UITests;
			productName = Beck_Assignment03UITests;
			productReference = 78C47DEC2CA8B742005B6A48 /* Beck_Assignment03UITests.xctest */;
			productType = "com.apple.product-type.bundle.ui-testing";
		};
/* End PBXNativeTarget section */

/* Begin PBXProject section */
		78C47DC42CA8B741005B6A48 /* Project object */ = {
			isa = PBXProject;
			attributes = {
				BuildIndependentTargetsInParallel = 1;
				LastSwiftUpdateCheck = 1540;
				LastUpgradeCheck = 1540;
				TargetAttributes = {
					78C47DCB2CA8B741005B6A48 = {
						CreatedOnToolsVersion = 15.4;
					};
					78C47DE12CA8B742005B6A48 = {
						CreatedOnToolsVersion = 15.4;
						TestTargetID = 78C47DCB2CA8B741005B6A48;
					};
					78C47DEB2CA8B742005B6A48 = {
						CreatedOnToolsVersion = 15.4;
						TestTargetID = 78C47DCB2CA8B741005B6A48;
					};
				};
			};
			buildConfigurationList = 78C47DC72CA8B741005B6A48 /* Build configuration list for PBXProject "Beck_Assignment03" */;
			compatibilityVersion = "Xcode 14.0";
			developmentRegion = en;
			hasScannedForEncodings = 0;
			knownRegions = (
				en,
				Base,
			);
			mainGroup = 78C47DC32CA8B741005B6A48;
			productRefGroup = 78C47DCD2CA8B741005B6A48 /* Products */;
			projectDirPath = "";
			projectRoot = "";
			targets = (
				78C47DCB2CA8B741005B6A48 /* Beck_Assignment03 */,
				78C47DE12CA8B742005B6A48 /* Beck_Assignment03Tests */,
				78C47DEB2CA8B742005B6A48 /* Beck_Assignment03UITests */,
			);
		};
/* End PBXProject section */

/* Begin PBXResourcesBuildPhase section */
		78C47DCA2CA8B741005B6A48 /* Resources */ = {
			isa = PBXResourcesBuildPhase;
			buildActionMask = 2147483647;
			files = (
				78C47DD92CA8B742005B6A48 /* Assets.xcassets in Resources */,
				78C47DDC2CA8B742005B6A48 /* Base in Resources */,
				78C47DD72CA8B741005B6A48 /* Base in Resources */,
			);
			runOnlyForDeploymentPostprocessing = 0;
		};
		78C47DE02CA8B742005B6A48 /* Resources */ = {
			isa = PBXResourcesBuildPhase;
			buildActionMask = 2147483647;
			files = (
			);
			runOnlyForDeploymentPostprocessing = 0;
		};
		78C47DEA2CA8B742005B6A48 /* Resources */ = {
			isa = PBXResourcesBuildPhase;
			buildActionMask = 2147483647;
			files = (
			);
			runOnlyForDeploymentPostprocessing = 0;
		};
/* End PBXResourcesBuildPhase section */

/* Begin PBXSourcesBuildPhase section */
		78C47DC82CA8B741005B6A48 /* Sources */ = {
			isa = PBXSourcesBuildPhase;
			buildActionMask = 2147483647;
			files = (
				78C47DD42CA8B741005B6A48 /* ViewController.swift in Sources */,
				78C47DD02CA8B741005B6A48 /* AppDelegate.swift in Sources */,
				78C47DD22CA8B741005B6A48 /* SceneDelegate.swift in Sources */,
			);
			runOnlyForDeploymentPostprocessing = 0;
		};
		78C47DDE2CA8B742005B6A48 /* Sources */ = {
			isa = PBXSourcesBuildPhase;
			buildActionMask = 2147483647;
			files = (
				78C47DE72CA8B742005B6A48 /* Beck_Assignment03Tests.swift in Sources */,
			);
			runOnlyForDeploymentPostprocessing = 0;
		};
		78C47DE82CA8B742005B6A48 /* Sources */ = {
			isa = PBXSourcesBuildPhase;
			buildActionMask = 2147483647;
			files = (
				78C47DF12CA8B742005B6A48 /* Beck_Assignment03UITests.swift in Sources */,
				78C47DF32CA8B742005B6A48 /* Beck_Assignment03UITestsLaunchTests.swift in Sources */,
			);
			runOnlyForDeploymentPostprocessing = 0;
		};
/* End PBXSourcesBuildPhase section */

/* Begin PBXTargetDependency section */
		78C47DE42CA8B742005B6A48 /* PBXTargetDependency */ = {
			isa = PBXTargetDependency;
			target = 78C47DCB2CA8B741005B6A48 /* Beck_Assignment03 */;
			targetProxy = 78C47DE32CA8B742005B6A48 /* PBXContainerItemProxy */;
		};
		78C47DEE2CA8B742005B6A48 /* PBXTargetDependency */ = {
			isa = PBXTargetDependency;
			target = 78C47DCB2CA8B741005B6A48 /* Beck_Assignment03 */;
			targetProxy = 78C47DED2CA8B742005B6A48 /* PBXContainerItemProxy */;
		};
/* End PBXTargetDependency section */

/* Begin PBXVariantGroup section */
		78C47DD52CA8B741005B6A48 /* Main.storyboard */ = {
			isa = PBXVariantGroup;
			children = (
				78C47DD62CA8B741005B6A48 /* Base */,
			);
			name = Main.storyboard;
			sourceTree = "<group>";
		};
		78C47DDA2CA8B742005B6A48 /* LaunchScreen.storyboard */ = {
			isa = PBXVariantGroup;
			children = (
				78C47DDB2CA8B742005B6A48 /* Base */,
			);
			name = LaunchScreen.storyboard;
			sourceTree = "<group>";
		};
/* End PBXVariantGroup section */

/* Begin XCBuildConfiguration section */
		78C47DF42CA8B742005B6A48 /* Debug */ = {
			isa = XCBuildConfiguration;
			buildSettings = {
				ALWAYS_SEARCH_USER_PATHS = NO;
				ASSETCATALOG_COMPILER_GENERATE_SWIFT_ASSET_SYMBOL_EXTENSIONS = YES;
				CLANG_ANALYZER_NONNULL = YES;
				CLANG_ANALYZER_NUMBER_OBJECT_CONVERSION = YES_AGGRESSIVE;
				CLANG_CXX_LANGUAGE_STANDARD = "gnu++20";
				CLANG_ENABLE_MODULES = YES;
				CLANG_ENABLE_OBJC_ARC = YES;
				CLANG_ENABLE_OBJC_WEAK = YES;
				CLANG_WARN_BLOCK_CAPTURE_AUTORELEASING = YES;
				CLANG_WARN_BOOL_CONVERSION = YES;
				CLANG_WARN_COMMA = YES;
				CLANG_WARN_CONSTANT_CONVERSION = YES;
				CLANG_WARN_DEPRECATED_OBJC_IMPLEMENTATIONS = YES;
				CLANG_WARN_DIRECT_OBJC_ISA_USAGE = YES_ERROR;
				CLANG_WARN_DOCUMENTATION_COMMENTS = YES;
				CLANG_WARN_EMPTY_BODY = YES;
				CLANG_WARN_ENUM_CONVERSION = YES;
				CLANG_WARN_INFINITE_RECURSION = YES;
				CLANG_WARN_INT_CONVERSION = YES;
				CLANG_WARN_NON_LITERAL_NULL_CONVERSION = YES;
				CLANG_WARN_OBJC_IMPLICIT_RETAIN_SELF = YES;
				CLANG_WARN_OBJC_LITERAL_CONVERSION = YES;
				CLANG_WARN_OBJC_ROOT_CLASS = YES_ERROR;
				CLANG_WARN_QUOTED_INCLUDE_IN_FRAMEWORK_HEADER = YES;
				CLANG_WARN_RANGE_LOOP_ANALYSIS = YES;
				CLANG_WARN_STRICT_PROTOTYPES = YES;
				CLANG_WARN_SUSPICIOUS_MOVE = YES;
				CLANG_WARN_UNGUARDED_AVAILABILITY = YES_AGGRESSIVE;
				CLANG_WARN_UNREACHABLE_CODE = YES;
				CLANG_WARN__DUPLICATE_METHOD_MATCH = YES;
				COPY_PHASE_STRIP = NO;
				DEBUG_INFORMATION_FORMAT = dwarf;
				ENABLE_STRICT_OBJC_MSGSEND = YES;
				ENABLE_TESTABILITY = YES;
				ENABLE_USER_SCRIPT_SANDBOXING = YES;
				GCC_C_LANGUAGE_STANDARD = gnu17;
				GCC_DYNAMIC_NO_PIC = NO;
				GCC_NO_COMMON_BLOCKS = YES;
				GCC_OPTIMIZATION_LEVEL = 0;
				GCC_PREPROCESSOR_DEFINITIONS = (
					"DEBUG=1",
					"$(inherited)",
				);
				GCC_WARN_64_TO_32_BIT_CONVERSION = YES;
				GCC_WARN_ABOUT_RETURN_TYPE = YES_ERROR;
				GCC_WARN_UNDECLARED_SELECTOR = YES;
				GCC_WARN_UNINITIALIZED_AUTOS = YES_AGGRESSIVE;
				GCC_WARN_UNUSED_FUNCTION = YES;
				GCC_WARN_UNUSED_VARIABLE = YES;
				IPHONEOS_DEPLOYMENT_TARGET = 17.5;
				LOCALIZATION_PREFERS_STRING_CATALOGS = YES;
				MTL_ENABLE_DEBUG_INFO = INCLUDE_SOURCE;
				MTL_FAST_MATH = YES;
				ONLY_ACTIVE_ARCH = YES;
				SDKROOT = iphoneos;
				SWIFT_ACTIVE_COMPILATION_CONDITIONS = "DEBUG $(inherited)";
				SWIFT_OPTIMIZATION_LEVEL = "-Onone";
			};
			name = Debug;
		};
		78C47DF52CA8B742005B6A48 /* Release */ = {
			isa = XCBuildConfiguration;
			buildSettings = {
				ALWAYS_SEARCH_USER_PATHS = NO;
				ASSETCATALOG_COMPILER_GENERATE_SWIFT_ASSET_SYMBOL_EXTENSIONS = YES;
				CLANG_ANALYZER_NONNULL = YES;
				CLANG_ANALYZER_NUMBER_OBJECT_CONVERSION = YES_AGGRESSIVE;
				CLANG_CXX_LANGUAGE_STANDARD = "gnu++20";
				CLANG_ENABLE_MODULES = YES;
				CLANG_ENABLE_OBJC_ARC = YES;
				CLANG_ENABLE_OBJC_WEAK = YES;
				CLANG_WARN_BLOCK_CAPTURE_AUTORELEASING = YES;
				CLANG_WARN_BOOL_CONVERSION = YES;
				CLANG_WARN_COMMA = YES;
				CLANG_WARN_CONSTANT_CONVERSION = YES;
				CLANG_WARN_DEPRECATED_OBJC_IMPLEMENTATIONS = YES;
				CLANG_WARN_DIRECT_OBJC_ISA_USAGE = YES_ERROR;
				CLANG_WARN_DOCUMENTATION_COMMENTS = YES;
				CLANG_WARN_EMPTY_BODY = YES;
				CLANG_WARN_ENUM_CONVERSION = YES;
				CLANG_WARN_INFINITE_RECURSION = YES;
				CLANG_WARN_INT_CONVERSION = YES;
				CLANG_WARN_NON_LITERAL_NULL_CONVERSION = YES;
				CLANG_WARN_OBJC_IMPLICIT_RETAIN_SELF = YES;
				CLANG_WARN_OBJC_LITERAL_CONVERSION = YES;
				CLANG_WARN_OBJC_ROOT_CLASS = YES_ERROR;
				CLANG_WARN_QUOTED_INCLUDE_IN_FRAMEWORK_HEADER = YES;
				CLANG_WARN_RANGE_LOOP_ANALYSIS = YES;
				CLANG_WARN_STRICT_PROTOTYPES = YES;
				CLANG_WARN_SUSPICIOUS_MOVE = YES;
				CLANG_WARN_UNGUARDED_AVAILABILITY = YES_AGGRESSIVE;
				CLANG_WARN_UNREACHABLE_CODE = YES;
				CLANG_WARN__DUPLICATE_METHOD_MATCH = YES;
				COPY_PHASE_STRIP = NO;
				DEBUG_INFORMATION_FORMAT = "dwarf-with-dsym";
				ENABLE_NS_ASSERTIONS = NO;
				ENABLE_STRICT_OBJC_MSGSEND = YES;
				ENABLE_USER_SCRIPT_SANDBOXING = YES;
				GCC_C_LANGUAGE_STANDARD = gnu17;
				GCC_NO_COMMON_BLOCKS = YES;
				GCC_WARN_64_TO_32_BIT_CONVERSION = YES;
				GCC_WARN_ABOUT_RETURN_TYPE = YES_ERROR;
				GCC_WARN_UNDECLARED_SELECTOR = YES;
				GCC_WARN_UNINITIALIZED_AUTOS = YES_AGGRESSIVE;
				GCC_WARN_UNUSED_FUNCTION = YES;
				GCC_WARN_UNUSED_VARIABLE = YES;
				IPHONEOS_DEPLOYMENT_TARGET = 17.5;
				LOCALIZATION_PREFERS_STRING_CATALOGS = YES;
				MTL_ENABLE_DEBUG_INFO = NO;
				MTL_FAST_MATH = YES;
				SDKROOT = iphoneos;
				SWIFT_COMPILATION_MODE = wholemodule;
				VALIDATE_PRODUCT = YES;
			};
			name = Release;
		};
		78C47DF72CA8B742005B6A48 /* Debug */ = {
			isa = XCBuildConfiguration;
			buildSettings = {
				ASSETCATALOG_COMPILER_APPICON_NAME = AppIcon;
				ASSETCATALOG_COMPILER_GLOBAL_ACCENT_COLOR_NAME = AccentColor;
				CODE_SIGN_STYLE = Automatic;
				CURRENT_PROJECT_VERSION = 1;
				GENERATE_INFOPLIST_FILE = YES;
				INFOPLIST_FILE = Beck_Assignment03/Info.plist;
				INFOPLIST_KEY_CFBundleDisplayName = BeckAssignment02;
				INFOPLIST_KEY_UIApplicationSupportsIndirectInputEvents = YES;
				INFOPLIST_KEY_UILaunchStoryboardName = LaunchScreen;
				INFOPLIST_KEY_UIMainStoryboardFile = Main;
				INFOPLIST_KEY_UISupportedInterfaceOrientations_iPad = "UIInterfaceOrientationPortrait UIInterfaceOrientationPortraitUpsideDown UIInterfaceOrientationLandscapeLeft UIInterfaceOrientationLandscapeRight";
				INFOPLIST_KEY_UISupportedInterfaceOrientations_iPhone = "UIInterfaceOrientationPortrait UIInterfaceOrientationLandscapeLeft UIInterfaceOrientationLandscapeRight";
				IPHONEOS_DEPLOYMENT_TARGET = 15.0;
				LD_RUNPATH_SEARCH_PATHS = (
					"$(inherited)",
					"@executable_path/Frameworks",
				);
				MARKETING_VERSION = 1.0;
				PRODUCT_BUNDLE_IDENTIFIER = "edu.nwmissouri.24.cs44643.Beck-Assignment03";
				PRODUCT_NAME = "$(TARGET_NAME)";
				SWIFT_EMIT_LOC_STRINGS = YES;
				SWIFT_VERSION = 5.0;
				TARGETED_DEVICE_FAMILY = "1,2";
			};
			name = Debug;
		};
		78C47DF82CA8B742005B6A48 /* Release */ = {
			isa = XCBuildConfiguration;
			buildSettings = {
				ASSETCATALOG_COMPILER_APPICON_NAME = AppIcon;
				ASSETCATALOG_COMPILER_GLOBAL_ACCENT_COLOR_NAME = AccentColor;
				CODE_SIGN_STYLE = Automatic;
				CURRENT_PROJECT_VERSION = 1;
				GENERATE_INFOPLIST_FILE = YES;
				INFOPLIST_FILE = Beck_Assignment03/Info.plist;
				INFOPLIST_KEY_CFBundleDisplayName = BeckAssignment02;
				INFOPLIST_KEY_UIApplicationSupportsIndirectInputEvents = YES;
				INFOPLIST_KEY_UILaunchStoryboardName = LaunchScreen;
				INFOPLIST_KEY_UIMainStoryboardFile = Main;
				INFOPLIST_KEY_UISupportedInterfaceOrientations_iPad = "UIInterfaceOrientationPortrait UIInterfaceOrientationPortraitUpsideDown UIInterfaceOrientationLandscapeLeft UIInterfaceOrientationLandscapeRight";
				INFOPLIST_KEY_UISupportedInterfaceOrientations_iPhone = "UIInterfaceOrientationPortrait UIInterfaceOrientationLandscapeLeft UIInterfaceOrientationLandscapeRight";
				IPHONEOS_DEPLOYMENT_TARGET = 15.0;
				LD_RUNPATH_SEARCH_PATHS = (
					"$(inherited)",
					"@executable_path/Frameworks",
				);
				MARKETING_VERSION = 1.0;
				PRODUCT_BUNDLE_IDENTIFIER = "edu.nwmissouri.24.cs44643.Beck-Assignment03";
				PRODUCT_NAME = "$(TARGET_NAME)";
				SWIFT_EMIT_LOC_STRINGS = YES;
				SWIFT_VERSION = 5.0;
				TARGETED_DEVICE_FAMILY = "1,2";
			};
			name = Release;
		};
		78C47DFA2CA8B742005B6A48 /* Debug */ = {
			isa = XCBuildConfiguration;
			buildSettings = {
				ALWAYS_EMBED_SWIFT_STANDARD_LIBRARIES = YES;
				BUNDLE_LOADER = "$(TEST_HOST)";
				CODE_SIGN_STYLE = Automatic;
				CURRENT_PROJECT_VERSION = 1;
				GENERATE_INFOPLIST_FILE = YES;
				IPHONEOS_DEPLOYMENT_TARGET = 17.5;
				MARKETING_VERSION = 1.0;
				PRODUCT_BUNDLE_IDENTIFIER = "edu.nwmissouri.24.cs44643.Beck-Assignment03Tests";
				PRODUCT_NAME = "$(TARGET_NAME)";
				SWIFT_EMIT_LOC_STRINGS = NO;
				SWIFT_VERSION = 5.0;
				TARGETED_DEVICE_FAMILY = "1,2";
				TEST_HOST = "$(BUILT_PRODUCTS_DIR)/Beck_Assignment03.app/$(BUNDLE_EXECUTABLE_FOLDER_PATH)/Beck_Assignment03";
			};
			name = Debug;
		};
		78C47DFB2CA8B742005B6A48 /* Release */ = {
			isa = XCBuildConfiguration;
			buildSettings = {
				ALWAYS_EMBED_SWIFT_STANDARD_LIBRARIES = YES;
				BUNDLE_LOADER = "$(TEST_HOST)";
				CODE_SIGN_STYLE = Automatic;
				CURRENT_PROJECT_VERSION = 1;
				GENERATE_INFOPLIST_FILE = YES;
				IPHONEOS_DEPLOYMENT_TARGET = 17.5;
				MARKETING_VERSION = 1.0;
				PRODUCT_BUNDLE_IDENTIFIER = "edu.nwmissouri.24.cs44643.Beck-Assignment03Tests";
				PRODUCT_NAME = "$(TARGET_NAME)";
				SWIFT_EMIT_LOC_STRINGS = NO;
				SWIFT_VERSION = 5.0;
				TARGETED_DEVICE_FAMILY = "1,2";
				TEST_HOST = "$(BUILT_PRODUCTS_DIR)/Beck_Assignment03.app/$(BUNDLE_EXECUTABLE_FOLDER_PATH)/Beck_Assignment03";
			};
			name = Release;
		};
		78C47DFD2CA8B742005B6A48 /* Debug */ = {
			isa = XCBuildConfiguration;
			buildSettings = {
				ALWAYS_EMBED_SWIFT_STANDARD_LIBRARIES = YES;
				CODE_SIGN_STYLE = Automatic;
				CURRENT_PROJECT_VERSION = 1;
				GENERATE_INFOPLIST_FILE = YES;
				MARKETING_VERSION = 1.0;
				PRODUCT_BUNDLE_IDENTIFIER = "edu.nwmissouri.24.cs44643.Beck-Assignment03UITests";
				PRODUCT_NAME = "$(TARGET_NAME)";
				SWIFT_EMIT_LOC_STRINGS = NO;
				SWIFT_VERSION = 5.0;
				TARGETED_DEVICE_FAMILY = "1,2";
				TEST_TARGET_NAME = Beck_Assignment03;
			};
			name = Debug;
		};
		78C47DFE2CA8B742005B6A48 /* Release */ = {
			isa = XCBuildConfiguration;
			buildSettings = {
				ALWAYS_EMBED_SWIFT_STANDARD_LIBRARIES = YES;
				CODE_SIGN_STYLE = Automatic;
				CURRENT_PROJECT_VERSION = 1;
				GENERATE_INFOPLIST_FILE = YES;
				MARKETING_VERSION = 1.0;
				PRODUCT_BUNDLE_IDENTIFIER = "edu.nwmissouri.24.cs44643.Beck-Assignment03UITests";
				PRODUCT_NAME = "$(TARGET_NAME)";
				SWIFT_EMIT_LOC_STRINGS = NO;
				SWIFT_VERSION = 5.0;
				TARGETED_DEVICE_FAMILY = "1,2";
				TEST_TARGET_NAME = Beck_Assignment03;
			};
			name = Release;
		};
/* End XCBuildConfiguration section */

/* Begin XCConfigurationList section */
		78C47DC72CA8B741005B6A48 /* Build configuration list for PBXProject "Beck_Assignment03" */ = {
			isa = XCConfigurationList;
			buildConfigurations = (
				78C47DF42CA8B742005B6A48 /* Debug */,
				78C47DF52CA8B742005B6A48 /* Release */,
			);
			defaultConfigurationIsVisible = 0;
			defaultConfigurationName = Release;
		};
		78C47DF62CA8B742005B6A48 /* Build configuration list for PBXNativeTarget "Beck_Assignment03" */ = {
			isa = XCConfigurationList;
			buildConfigurations = (
				78C47DF72CA8B742005B6A48 /* Debug */,
				78C47DF82CA8B742005B6A48 /* Release */,
			);
			defaultConfigurationIsVisible = 0;
			defaultConfigurationName = Release;
		};
		78C47DF92CA8B742005B6A48 /* Build configuration list for PBXNativeTarget "Beck_Assignment03Tests" */ = {
			isa = XCConfigurationList;
			buildConfigurations = (
				78C47DFA2CA8B742005B6A48 /* Debug */,
				78C47DFB2CA8B742005B6A48 /* Release */,
			);
			defaultConfigurationIsVisible = 0;
			defaultConfigurationName = Release;
		};
		78C47DFC2CA8B742005B6A48 /* Build configuration list for PBXNativeTarget "Beck_Assignment03UITests" */ = {
			isa = XCConfigurationList;
			buildConfigurations = (
				78C47DFD2CA8B742005B6A48 /* Debug */,
				78C47DFE2CA8B742005B6A48 /* Release */,
			);
			defaultConfigurationIsVisible = 0;
			defaultConfigurationName = Release;
		};
/* End XCConfigurationList section */
	};
	rootObject = 78C47DC42CA8B741005B6A48 /* Project object */;
}
